// !$*UTF8*$!
{
	archiveVersion = 1;
	classes = {
	};
	objectVersion = 77;
	objects = {

/* Begin PBXBuildFile section */
		FF0595873035F6D100EF5D3C /* AppDelegate.swift in Sources */ = {isa = PBXBuildFile; fileRef = FF0595863035F6D100EF5D3C /* AppDelegate.swift */; };
		FF0595893035F6D100EF5D3C /* SceneDelegate.swift in Sources */ = {isa = PBXBuildFile; fileRef = FF0595883035F6D100EF5D3C /* SceneDelegate.swift */; };
		FF05958C3035F6D100EF5D3C /* LaunchScreen.storyboard in Resources */ = {isa = PBXBuildFile; fileRef = FF05958A3035F6D100EF5D3C /* LaunchScreen.storyboard */; };
		FF05958F3035F6D100EF5D3C /* Main.storyboard in Resources */ = {isa = PBXBuildFile; fileRef = FF05958D3035F6D100EF5D3C /* Main.storyboard */; };
		FF0595983035F6D100EF5D3C /* AppDelegate.swift in Sources */ = {isa = PBXBuildFile; fileRef = FF0595973035F6D100EF5D3C /* AppDelegate.swift */; };
		FF05959B3035F6D100EF5D3C /* Main.storyboard in Resources */ = {isa = PBXBuildFile; fileRef = FF0595993035F6D100EF5D3C /* Main.storyboard */; };
		FF0595A23035F6D100EF5D3C /* StackApply Extension Extension.appex in Embed Foundation Extensions */ = {isa = PBXBuildFile; fileRef = FF0595A13035F6D100EF5D3C /* StackApply Extension Extension.appex */; settings = {ATTRIBUTES = (RemoveHeadersOnCopy, ); }; };
		FF0595AC3035F6D100EF5D3C /* StackApply Extension Extension.appex in Embed Foundation Extensions */ = {isa = PBXBuildFile; fileRef = FF0595AB3035F6D100EF5D3C /* StackApply Extension Extension.appex */; settings = {ATTRIBUTES = (RemoveHeadersOnCopy, ); }; };
		FF0595B13035F6D100EF5D3C /* Main.html in Resources */ = {isa = PBXBuildFile; fileRef = FF0595763035F6CF00EF5D3C /* Main.html */; };
		FF0595B23035F6D100EF5D3C /* Main.html in Resources */ = {isa = PBXBuildFile; fileRef = FF0595763035F6CF00EF5D3C /* Main.html */; };
		FF0595B33035F6D100EF5D3C /* Icon.png in Resources */ = {isa = PBXBuildFile; fileRef = FF0595783035F6CF00EF5D3C /* Icon.png */; };
		FF0595B43035F6D100EF5D3C /* Icon.png in Resources */ = {isa = PBXBuildFile; fileRef = FF0595783035F6CF00EF5D3C /* Icon.png */; };
		FF0595B53035F6D100EF5D3C /* Style.css in Resources */ = {isa = PBXBuildFile; fileRef = FF0595793035F6CF00EF5D3C /* Style.css */; };
		FF0595B63035F6D100EF5D3C /* Style.css in Resources */ = {isa = PBXBuildFile; fileRef = FF0595793035F6CF00EF5D3C /* Style.css */; };
		FF0595B73035F6D100EF5D3C /* Script.js in Resources */ = {isa = PBXBuildFile; fileRef = FF05957A3035F6CF00EF5D3C /* Script.js */; };
		FF0595B83035F6D100EF5D3C /* Script.js in Resources */ = {isa = PBXBuildFile; fileRef = FF05957A3035F6CF00EF5D3C /* Script.js */; };
		FF0595B93035F6D100EF5D3C /* ViewController.swift in Sources */ = {isa = PBXBuildFile; fileRef = FF05957B3035F6CF00EF5D3C /* ViewController.swift */; };
		FF0595BA3035F6D100EF5D3C /* ViewController.swift in Sources */ = {isa = PBXBuildFile; fileRef = FF05957B3035F6CF00EF5D3C /* ViewController.swift */; };
		FF0595BB3035F6D100EF5D3C /* Assets.xcassets in Resources */ = {isa = PBXBuildFile; fileRef = FF05957C3035F6D100EF5D3C /* Assets.xcassets */; };
		FF0595BC3035F6D100EF5D3C /* Assets.xcassets in Resources */ = {isa = PBXBuildFile; fileRef = FF05957C3035F6D100EF5D3C /* Assets.xcassets */; };
		FF0595BD3035F6D100EF5D3C /* SafariWebExtensionHandler.swift in Sources */ = {isa = PBXBuildFile; fileRef = FF05957E3035F6D100EF5D3C /* SafariWebExtensionHandler.swift */; };
		FF0595BE3035F6D100EF5D3C /* SafariWebExtensionHandler.swift in Sources */ = {isa = PBXBuildFile; fileRef = FF05957E3035F6D100EF5D3C /* SafariWebExtensionHandler.swift */; };
		FF0595D83035F6D100EF5D3C /* popup.js in Resources */ = {isa = PBXBuildFile; fileRef = FF0595D03035F6D100EF5D3C /* popup.js */; };
		FF0595D93035F6D100EF5D3C /* popup-auth.html in Resources */ = {isa = PBXBuildFile; fileRef = FF0595D13035F6D100EF5D3C /* popup-auth.html */; };
		FF0595DA3035F6D100EF5D3C /* popup-auth.js in Resources */ = {isa = PBXBuildFile; fileRef = FF0595D23035F6D100EF5D3C /* popup-auth.js */; };
		FF0595DB3035F6D100EF5D3C /* popup.html in Resources */ = {isa = PBXBuildFile; fileRef = FF0595D33035F6D100EF5D3C /* popup.html */; };
		FF0595DC3035F6D100EF5D3C /* popup-auth.css in Resources */ = {isa = PBXBuildFile; fileRef = FF0595D43035F6D100EF5D3C /* popup-auth.css */; };
		FF0595DD3035F6D100EF5D3C /* manifest.json in Resources */ = {isa = PBXBuildFile; fileRef = FF0595D53035F6D100EF5D3C /* manifest.json */; };
		FF0595DE3035F6D100EF5D3C /* content.js in Resources */ = {isa = PBXBuildFile; fileRef = FF0595D63035F6D100EF5D3C /* content.js */; };
		FF0595DF3035F6D100EF5D3C /* storage.js in Resources */ = {isa = PBXBuildFile; fileRef = FF0595D73035F6D100EF5D3C /* storage.js */; };
		FF0595E03035F6D100EF5D3C /* popup.js in Resources */ = {isa = PBXBuildFile; fileRef = FF0595D03035F6D100EF5D3C /* popup.js */; };
		FF0595E13035F6D100EF5D3C /* popup-auth.html in Resources */ = {isa = PBXBuildFile; fileRef = FF0595D13035F6D100EF5D3C /* popup-auth.html */; };
		FF0595E23035F6D100EF5D3C /* popup-auth.js in Resources */ = {isa = PBXBuildFile; fileRef = FF0595D23035F6D100EF5D3C /* popup-auth.js */; };
		FF0595E33035F6D100EF5D3C /* popup.html in Resources */ = {isa = PBXBuildFile; fileRef = FF0595D33035F6D100EF5D3C /* popup.html */; };
		FF0595E43035F6D100EF5D3C /* popup-auth.css in Resources */ = {isa = PBXBuildFile; fileRef = FF0595D43035F6D100EF5D3C /* popup-auth.css */; };
		FF0595E53035F6D100EF5D3C /* manifest.json in Resources */ = {isa = PBXBuildFile; fileRef = FF0595D53035F6D100EF5D3C /* manifest.json */; };
		FF0595E63035F6D100EF5D3C /* content.js in Resources */ = {isa = PBXBuildFile; fileRef = FF0595D63035F6D100EF5D3C /* content.js */; };
		FF0595E73035F6D100EF5D3C /* storage.js in Resources */ = {isa = PBXBuildFile; fileRef = FF0595D73035F6D100EF5D3C /* storage.js */; };
/* End PBXBuildFile section */

/* Begin PBXContainerItemProxy section */
		FF0595A33035F6D100EF5D3C /* PBXContainerItemProxy */ = {
			isa = PBXContainerItemProxy;
			containerPortal = FF0595703035F6CF00EF5D3C /* Project object */;
			proxyType = 1;
			remoteGlobalIDString = FF0595A03035F6D100EF5D3C;
			remoteInfo = "StackApply Extension Extension (iOS)";
		};
		FF0595AD3035F6D100EF5D3C /* PBXContainerItemProxy */ = {
			isa = PBXContainerItemProxy;
			containerPortal = FF0595703035F6CF00EF5D3C /* Project object */;
			proxyType = 1;
			remoteGlobalIDString = FF0595AA3035F6D100EF5D3C;
			remoteInfo = "StackApply Extension Extension (macOS)";
		};
/* End PBXContainerItemProxy section */

/* Begin PBXCopyFilesBuildPhase section */
		FF0595C43035F6D100EF5D3C /* Embed Foundation Extensions */ = {
			isa = PBXCopyFilesBuildPhase;
			buildActionMask = 2147483647;
			dstPath = "";
			dstSubfolderSpec = 13;
			files = (
				FF0595A23035F6D100EF5D3C /* StackApply Extension Extension.appex in Embed Foundation Extensions */,
			);
			name = "Embed Foundation Extensions";
			runOnlyForDeploymentPostprocessing = 0;
		};
		FF0595CB3035F6D100EF5D3C /* Embed Foundation Extensions */ = {
			isa = PBXCopyFilesBuildPhase;
			buildActionMask = 2147483647;
			dstPath = "";
			dstSubfolderSpec = 13;
			files = (
				FF0595AC3035F6D100EF5D3C /* StackApply Extension Extension.appex in Embed Foundation Extensions */,
			);
			name = "Embed Foundation Extensions";
			runOnlyForDeploymentPostprocessing = 0;
		};
/* End PBXCopyFilesBuildPhase section */

/* Begin PBXFileReference section */
		FF0595773035F6CF00EF5D3C /* Base */ = {isa = PBXFileReference; lastKnownFileType = text.html; name = Base; path = Base.lproj/Main.html; sourceTree = "<group>"; };
		FF0595783035F6CF00EF5D3C /* Icon.png */ = {isa = PBXFileReference; lastKnownFileType = image.png; path = Icon.png; sourceTree = "<group>"; };
		FF0595793035F6CF00EF5D3C /* Style.css */ = {isa = PBXFileReference; lastKnownFileType = text.css; path = Style.css; sourceTree = "<group>"; };
		FF05957A3035F6CF00EF5D3C /* Script.js */ = {isa = PBXFileReference; lastKnownFileType = sourcecode.javascript; path = Script.js; sourceTree = "<group>"; };
		FF05957B3035F6CF00EF5D3C /* ViewController.swift */ = {isa = PBXFileReference; lastKnownFileType = sourcecode.swift; path = ViewController.swift; sourceTree = "<group>"; };
		FF05957C3035F6D100EF5D3C /* Assets.xcassets */ = {isa = PBXFileReference; lastKnownFileType = folder.assetcatalog; path = Assets.xcassets; sourceTree = "<group>"; };
		FF05957E3035F6D100EF5D3C /* SafariWebExtensionHandler.swift */ = {isa = PBXFileReference; lastKnownFileType = sourcecode.swift; path = SafariWebExtensionHandler.swift; sourceTree = "<group>"; };
		FF0595833035F6D100EF5D3C /* StackApply Extension.app */ = {isa = PBXFileReference; explicitFileType = wrapper.application; includeInIndex = 0; path = "StackApply Extension.app"; sourceTree = BUILT_PRODUCTS_DIR; };
		FF0595863035F6D100EF5D3C /* AppDelegate.swift */ = {isa = PBXFileReference; lastKnownFileType = sourcecode.swift; path = AppDelegate.swift; sourceTree = "<group>"; };
		FF0595883035F6D100EF5D3C /* SceneDelegate.swift */ = {isa = PBXFileReference; lastKnownFileType = sourcecode.swift; path = SceneDelegate.swift; sourceTree = "<group>"; };
		FF05958B3035F6D100EF5D3C /* Base */ = {isa = PBXFileReference; lastKnownFileType = file.storyboard; name = Base; path = Base.lproj/LaunchScreen.storyboard; sourceTree = "<group>"; };
		FF05958E3035F6D100EF5D3C /* Base */ = {isa = PBXFileReference; lastKnownFileType = file.storyboard; name = Base; path = Base.lproj/Main.storyboard; sourceTree = "<group>"; };
		FF0595903035F6D100EF5D3C /* Info.plist */ = {isa = PBXFileReference; lastKnownFileType = text.plist.xml; path = Info.plist; sourceTree = "<group>"; };
		FF0595953035F6D100EF5D3C /* StackApply Extension.app */ = {isa = PBXFileReference; explicitFileType = wrapper.application; includeInIndex = 0; path = "StackApply Extension.app"; sourceTree = BUILT_PRODUCTS_DIR; };
		FF0595973035F6D100EF5D3C /* AppDelegate.swift */ = {isa = PBXFileReference; lastKnownFileType = sourcecode.swift; path = AppDelegate.swift; sourceTree = "<group>"; };
		FF05959A3035F6D100EF5D3C /* Base */ = {isa = PBXFileReference; lastKnownFileType = file.storyboard; name = Base; path = Base.lproj/Main.storyboard; sourceTree = "<group>"; };
		FF05959C3035F6D100EF5D3C /* Info.plist */ = {isa = PBXFileReference; lastKnownFileType = text.plist.xml; path = Info.plist; sourceTree = "<group>"; };
		FF0595A13035F6D100EF5D3C /* StackApply Extension Extension.appex */ = {isa = PBXFileReference; explicitFileType = "wrapper.app-extension"; includeInIndex = 0; path = "StackApply Extension Extension.appex"; sourceTree = BUILT_PRODUCTS_DIR; };
		FF0595A63035F6D100EF5D3C /* Info.plist */ = {isa = PBXFileReference; lastKnownFileType = text.plist.xml; path = Info.plist; sourceTree = "<group>"; };
		FF0595AB3035F6D100EF5D3C /* StackApply Extension Extension.appex */ = {isa = PBXFileReference; explicitFileType = "wrapper.app-extension"; includeInIndex = 0; path = "StackApply Extension Extension.appex"; sourceTree = BUILT_PRODUCTS_DIR; };
		FF0595B03035F6D100EF5D3C /* Info.plist */ = {isa = PBXFileReference; lastKnownFileType = text.plist.xml; path = Info.plist; sourceTree = "<group>"; };
		FF0595D03035F6D100EF5D3C /* popup.js */ = {isa = PBXFileReference; lastKnownFileType = sourcecode.javascript; name = popup.js; path = ../../../extension/popup.js; sourceTree = "<group>"; };
		FF0595D13035F6D100EF5D3C /* popup-auth.html */ = {isa = PBXFileReference; lastKnownFileType = text.html; name = "popup-auth.html"; path = "../../../extension/popup-auth.html"; sourceTree = "<group>"; };
		FF0595D23035F6D100EF5D3C /* popup-auth.js */ = {isa = PBXFileReference; lastKnownFileType = sourcecode.javascript; name = "popup-auth.js"; path = "../../../extension/popup-auth.js"; sourceTree = "<group>"; };
		FF0595D33035F6D100EF5D3C /* popup.html */ = {isa = PBXFileReference; lastKnownFileType = text.html; name = popup.html; path = ../../../extension/popup.html; sourceTree = "<group>"; };
		FF0595D43035F6D100EF5D3C /* popup-auth.css */ = {isa = PBXFileReference; lastKnownFileType = text.css; name = "popup-auth.css"; path = "../../../extension/popup-auth.css"; sourceTree = "<group>"; };
		FF0595D53035F6D100EF5D3C /* manifest.json */ = {isa = PBXFileReference; lastKnownFileType = text.json; name = manifest.json; path = ../../../extension/manifest.json; sourceTree = "<group>"; };
		FF0595D63035F6D100EF5D3C /* content.js */ = {isa = PBXFileReference; lastKnownFileType = sourcecode.javascript; name = content.js; path = ../../../extension/content.js; sourceTree = "<group>"; };
		FF0595D73035F6D100EF5D3C /* storage.js */ = {isa = PBXFileReference; lastKnownFileType = sourcecode.javascript; name = storage.js; path = ../../../extension/storage.js; sourceTree = "<group>"; };
/* End PBXFileReference section */

/* Begin PBXFrameworksBuildPhase section */
		FF0595803035F6D100EF5D3C /* Frameworks */ = {
			isa = PBXFrameworksBuildPhase;
			buildActionMask = 2147483647;
			files = (
			);
			runOnlyForDeploymentPostprocessing = 0;
		};
		FF0595923035F6D100EF5D3C /* Frameworks */ = {
			isa = PBXFrameworksBuildPhase;
			buildActionMask = 2147483647;
			files = (
			);
			runOnlyForDeploymentPostprocessing = 0;
		};
		FF05959E3035F6D100EF5D3C /* Frameworks */ = {
			isa = PBXFrameworksBuildPhase;
			buildActionMask = 2147483647;
			files = (
			);
			runOnlyForDeploymentPostprocessing = 0;
		};
		FF0595A83035F6D100EF5D3C /* Frameworks */ = {
			isa = PBXFrameworksBuildPhase;
			buildActionMask = 2147483647;
			files = (
			);
			runOnlyForDeploymentPostprocessing = 0;
		};
/* End PBXFrameworksBuildPhase section */

/* Begin PBXGroup section */
		FF05956F3035F6CF00EF5D3C = {
			isa = PBXGroup;
			children = (
				FF0595743035F6CF00EF5D3C /* Shared (App) */,
				FF05957D3035F6D100EF5D3C /* Shared (Extension) */,
				FF0595853035F6D100EF5D3C /* iOS (App) */,
				FF0595963035F6D100EF5D3C /* macOS (App) */,
				FF0595A53035F6D100EF5D3C /* iOS (Extension) */,
				FF0595AF3035F6D100EF5D3C /* macOS (Extension) */,
				FF0595843035F6D100EF5D3C /* Products */,
			);
			sourceTree = "<group>";
		};
		FF0595743035F6CF00EF5D3C /* Shared (App) */ = {
			isa = PBXGroup;
			children = (
				FF05957B3035F6CF00EF5D3C /* ViewController.swift */,
				FF05957C3035F6D100EF5D3C /* Assets.xcassets */,
				FF0595753035F6CF00EF5D3C /* Resources */,
			);
			path = "Shared (App)";
			sourceTree = "<group>";
		};
		FF0595753035F6CF00EF5D3C /* Resources */ = {
			isa = PBXGroup;
			children = (
				FF0595763035F6CF00EF5D3C /* Main.html */,
				FF0595783035F6CF00EF5D3C /* Icon.png */,
				FF0595793035F6CF00EF5D3C /* Style.css */,
				FF05957A3035F6CF00EF5D3C /* Script.js */,
			);
			path = Resources;
			sourceTree = "<group>";
		};
		FF05957D3035F6D100EF5D3C /* Shared (Extension) */ = {
			isa = PBXGroup;
			children = (
				FF0595CF3035F6D100EF5D3C /* Resources */,
				FF05957E3035F6D100EF5D3C /* SafariWebExtensionHandler.swift */,
			);
			path = "Shared (Extension)";
			sourceTree = "<group>";
		};
		FF0595843035F6D100EF5D3C /* Products */ = {
			isa = PBXGroup;
			children = (
				FF0595833035F6D100EF5D3C /* StackApply Extension.app */,
				FF0595953035F6D100EF5D3C /* StackApply Extension.app */,
				FF0595A13035F6D100EF5D3C /* StackApply Extension Extension.appex */,
				FF0595AB3035F6D100EF5D3C /* StackApply Extension Extension.appex */,
			);
			name = Products;
			sourceTree = "<group>";
		};
		FF0595853035F6D100EF5D3C /* iOS (App) */ = {
			isa = PBXGroup;
			children = (
				FF0595863035F6D100EF5D3C /* AppDelegate.swift */,
				FF0595883035F6D100EF5D3C /* SceneDelegate.swift */,
				FF05958A3035F6D100EF5D3C /* LaunchScreen.storyboard */,
				FF05958D3035F6D100EF5D3C /* Main.storyboard */,
				FF0595903035F6D100EF5D3C /* Info.plist */,
			);
			path = "iOS (App)";
			sourceTree = "<group>";
		};
		FF0595963035F6D100EF5D3C /* macOS (App) */ = {
			isa = PBXGroup;
			children = (
				FF0595973035F6D100EF5D3C /* AppDelegate.swift */,
				FF0595993035F6D100EF5D3C /* Main.storyboard */,
				FF05959C3035F6D100EF5D3C /* Info.plist */,
			);
			path = "macOS (App)";
			sourceTree = "<group>";
		};
		FF0595A53035F6D100EF5D3C /* iOS (Extension) */ = {
			isa = PBXGroup;
			children = (
				FF0595A63035F6D100EF5D3C /* Info.plist */,
			);
			path = "iOS (Extension)";
			sourceTree = "<group>";
		};
		FF0595AF3035F6D100EF5D3C /* macOS (Extension) */ = {
			isa = PBXGroup;
			children = (
				FF0595B03035F6D100EF5D3C /* Info.plist */,
			);
			path = "macOS (Extension)";
			sourceTree = "<group>";
		};
		FF0595CF3035F6D100EF5D3C /* Resources */ = {
			isa = PBXGroup;
			children = (
				FF0595D03035F6D100EF5D3C /* popup.js */,
				FF0595D13035F6D100EF5D3C /* popup-auth.html */,
				FF0595D23035F6D100EF5D3C /* popup-auth.js */,
				FF0595D33035F6D100EF5D3C /* popup.html */,
				FF0595D43035F6D100EF5D3C /* popup-auth.css */,
				FF0595D53035F6D100EF5D3C /* manifest.json */,
				FF0595D63035F6D100EF5D3C /* content.js */,
				FF0595D73035F6D100EF5D3C /* storage.js */,
			);
			name = Resources;
			path = "Shared (Extension)";
			sourceTree = SOURCE_ROOT;
		};
/* End PBXGroup section */

/* Begin PBXNativeTarget section */
		FF0595823035F6D100EF5D3C /* StackApply Extension (iOS) */ = {
			isa = PBXNativeTarget;
			buildConfigurationList = FF0595C53035F6D100EF5D3C /* Build configuration list for PBXNativeTarget "StackApply Extension (iOS)" */;
			buildPhases = (
				FF05957F3035F6D100EF5D3C /* Sources */,
				FF0595803035F6D100EF5D3C /* Frameworks */,
				FF0595813035F6D100EF5D3C /* Resources */,
				FF0595C43035F6D100EF5D3C /* Embed Foundation Extensions */,
			);
			buildRules = (
			);
			dependencies = (
				FF0595A43035F6D100EF5D3C /* PBXTargetDependency */,
			);
			name = "StackApply Extension (iOS)";
			packageProductDependencies = (
			);
			productName = "StackApply Extension (iOS)";
			productReference = FF0595833035F6D100EF5D3C /* StackApply Extension.app */;
			productType = "com.apple.product-type.application";
		};
		FF0595943035F6D100EF5D3C /* StackApply Extension (macOS) */ = {
			isa = PBXNativeTarget;
			buildConfigurationList = FF0595CC3035F6D100EF5D3C /* Build configuration list for PBXNativeTarget "StackApply Extension (macOS)" */;
			buildPhases = (
				FF0595913035F6D100EF5D3C /* Sources */,
				FF0595923035F6D100EF5D3C /* Frameworks */,
				FF0595933035F6D100EF5D3C /* Resources */,
				FF0595CB3035F6D100EF5D3C /* Embed Foundation Extensions */,
			);
			buildRules = (
			);
			dependencies = (
				FF0595AE3035F6D100EF5D3C /* PBXTargetDependency */,
			);
			name = "StackApply Extension (macOS)";
			packageProductDependencies = (
			);
			productName = "StackApply Extension (macOS)";
			productReference = FF0595953035F6D100EF5D3C /* StackApply Extension.app */;
			productType = "com.apple.product-type.application";
		};
		FF0595A03035F6D100EF5D3C /* StackApply Extension Extension (iOS) */ = {
			isa = PBXNativeTarget;
			buildConfigurationList = FF0595C13035F6D100EF5D3C /* Build configuration list for PBXNativeTarget "StackApply Extension Extension (iOS)" */;
			buildPhases = (
				FF05959D3035F6D100EF5D3C /* Sources */,
				FF05959E3035F6D100EF5D3C /* Frameworks */,
				FF05959F3035F6D100EF5D3C /* Resources */,
			);
			buildRules = (
			);
			dependencies = (
			);
			name = "StackApply Extension Extension (iOS)";
			packageProductDependencies = (
			);
			productName = "StackApply Extension Extension (iOS)";
			productReference = FF0595A13035F6D100EF5D3C /* StackApply Extension Extension.appex */;
			productType = "com.apple.product-type.app-extension";
		};
		FF0595AA3035F6D100EF5D3C /* StackApply Extension Extension (macOS) */ = {
			isa = PBXNativeTarget;
			buildConfigurationList = FF0595C83035F6D100EF5D3C /* Build configuration list for PBXNativeTarget "StackApply Extension Extension (macOS)" */;
			buildPhases = (
				FF0595A73035F6D100EF5D3C /* Sources */,
				FF0595A83035F6D100EF5D3C /* Frameworks */,
				FF0595A93035F6D100EF5D3C /* Resources */,
			);
			buildRules = (
			);
			dependencies = (
			);
			name = "StackApply Extension Extension (macOS)";
			packageProductDependencies = (
			);
			productName = "StackApply Extension Extension (macOS)";
			productReference = FF0595AB3035F6D100EF5D3C /* StackApply Extension Extension.appex */;
			productType = "com.apple.product-type.app-extension";
		};
/* End PBXNativeTarget section */

/* Begin PBXProject section */
		FF0595703035F6CF00EF5D3C /* Project object */ = {
			isa = PBXProject;
			attributes = {
				BuildIndependentTargetsInParallel = 1;
				LastSwiftUpdateCheck = 2660;
				LastUpgradeCheck = 2660;
				TargetAttributes = {
					FF0595823035F6D100EF5D3C = {
						CreatedOnToolsVersion = 26.6;
					};
					FF0595943035F6D100EF5D3C = {
						CreatedOnToolsVersion = 26.6;
					};
					FF0595A03035F6D100EF5D3C = {
						CreatedOnToolsVersion = 26.6;
					};
					FF0595AA3035F6D100EF5D3C = {
						CreatedOnToolsVersion = 26.6;
					};
				};
			};
			buildConfigurationList = FF0595733035F6CF00EF5D3C /* Build configuration list for PBXProject "StackApply Extension" */;
			developmentRegion = en;
			hasScannedForEncodings = 0;
			knownRegions = (
				en,
				Base,
			);
			mainGroup = FF05956F3035F6CF00EF5D3C;
			minimizedProjectReferenceProxies = 1;
			preferredProjectObjectVersion = 77;
			productRefGroup = FF0595843035F6D100EF5D3C /* Products */;
			projectDirPath = "";
			projectRoot = "";
			targets = (
				FF0595823035F6D100EF5D3C /* StackApply Extension (iOS) */,
				FF0595943035F6D100EF5D3C /* StackApply Extension (macOS) */,
				FF0595A03035F6D100EF5D3C /* StackApply Extension Extension (iOS) */,
				FF0595AA3035F6D100EF5D3C /* StackApply Extension Extension (macOS) */,
			);
		};
/* End PBXProject section */

/* Begin PBXResourcesBuildPhase section */
		FF0595813035F6D100EF5D3C /* Resources */ = {
			isa = PBXResourcesBuildPhase;
			buildActionMask = 2147483647;
			files = (
				FF0595B33035F6D100EF5D3C /* Icon.png in Resources */,
				FF05958C3035F6D100EF5D3C /* LaunchScreen.storyboard in Resources */,
				FF0595B13035F6D100EF5D3C /* Main.html in Resources */,
				FF0595B73035F6D100EF5D3C /* Script.js in Resources */,
				FF0595BB3035F6D100EF5D3C /* Assets.xcassets in Resources */,
				FF05958F3035F6D100EF5D3C /* Main.storyboard in Resources */,
				FF0595B53035F6D100EF5D3C /* Style.css in Resources */,
			);
			runOnlyForDeploymentPostprocessing = 0;
		};
		FF0595933035F6D100EF5D3C /* Resources */ = {
			isa = PBXResourcesBuildPhase;
			buildActionMask = 2147483647;
			files = (
				FF0595B43035F6D100EF5D3C /* Icon.png in Resources */,
				FF0595B63035F6D100EF5D3C /* Style.css in Resources */,
				FF05959B3035F6D100EF5D3C /* Main.storyboard in Resources */,
				FF0595B83035F6D100EF5D3C /* Script.js in Resources */,
				FF0595BC3035F6D100EF5D3C /* Assets.xcassets in Resources */,
				FF0595B23035F6D100EF5D3C /* Main.html in Resources */,
			);
			runOnlyForDeploymentPostprocessing = 0;
		};
		FF05959F3035F6D100EF5D3C /* Resources */ = {
			isa = PBXResourcesBuildPhase;
			buildActionMask = 2147483647;
			files = (
				FF0595E03035F6D100EF5D3C /* popup.js in Resources */,
				FF0595E33035F6D100EF5D3C /* popup.html in Resources */,
				FF0595E73035F6D100EF5D3C /* storage.js in Resources */,
				FF0595E13035F6D100EF5D3C /* popup-auth.html in Resources */,
				FF0595E23035F6D100EF5D3C /* popup-auth.js in Resources */,
				FF0595E53035F6D100EF5D3C /* manifest.json in Resources */,
				FF0595E63035F6D100EF5D3C /* content.js in Resources */,
				FF0595E43035F6D100EF5D3C /* popup-auth.css in Resources */,
			);
			runOnlyForDeploymentPostprocessing = 0;
		};
		FF0595A93035F6D100EF5D3C /* Resources */ = {
			isa = PBXResourcesBuildPhase;
			buildActionMask = 2147483647;
			files = (
				FF0595D83035F6D100EF5D3C /* popup.js in Resources */,
				FF0595DB3035F6D100EF5D3C /* popup.html in Resources */,
				FF0595DF3035F6D100EF5D3C /* storage.js in Resources */,
				FF0595D93035F6D100EF5D3C /* popup-auth.html in Resources */,
				FF0595DA3035F6D100EF5D3C /* popup-auth.js in Resources */,
				FF0595DD3035F6D100EF5D3C /* manifest.json in Resources */,
				FF0595DE3035F6D100EF5D3C /* content.js in Resources */,
				FF0595DC3035F6D100EF5D3C /* popup-auth.css in Resources */,
			);
			runOnlyForDeploymentPostprocessing = 0;
		};
/* End PBXResourcesBuildPhase section */

/* Begin PBXSourcesBuildPhase section */
		FF05957F3035F6D100EF5D3C /* Sources */ = {
			isa = PBXSourcesBuildPhase;
			buildActionMask = 2147483647;
			files = (
				FF0595B93035F6D100EF5D3C /* ViewController.swift in Sources */,
				FF0595873035F6D100EF5D3C /* AppDelegate.swift in Sources */,
				FF0595893035F6D100EF5D3C /* SceneDelegate.swift in Sources */,
			);
			runOnlyForDeploymentPostprocessing = 0;
		};
		FF0595913035F6D100EF5D3C /* Sources */ = {
			isa = PBXSourcesBuildPhase;
			buildActionMask = 2147483647;
			files = (
				FF0595BA3035F6D100EF5D3C /* ViewController.swift in Sources */,
				FF0595983035F6D100EF5D3C /* AppDelegate.swift in Sources */,
			);
			runOnlyForDeploymentPostprocessing = 0;
		};
		FF05959D3035F6D100EF5D3C /* Sources */ = {
			isa = PBXSourcesBuildPhase;
			buildActionMask = 2147483647;
			files = (
				FF0595BD3035F6D100EF5D3C /* SafariWebExtensionHandler.swift in Sources */,
			);
			runOnlyForDeploymentPostprocessing = 0;
		};
		FF0595A73035F6D100EF5D3C /* Sources */ = {
			isa = PBXSourcesBuildPhase;
			buildActionMask = 2147483647;
			files = (
				FF0595BE3035F6D100EF5D3C /* SafariWebExtensionHandler.swift in Sources */,
			);
			runOnlyForDeploymentPostprocessing = 0;
		};
/* End PBXSourcesBuildPhase section */

/* Begin PBXTargetDependency section */
		FF0595A43035F6D100EF5D3C /* PBXTargetDependency */ = {
			isa = PBXTargetDependency;
			target = FF0595A03035F6D100EF5D3C /* StackApply Extension Extension (iOS) */;
			targetProxy = FF0595A33035F6D100EF5D3C /* PBXContainerItemProxy */;
		};
		FF0595AE3035F6D100EF5D3C /* PBXTargetDependency */ = {
			isa = PBXTargetDependency;
			target = FF0595AA3035F6D100EF5D3C /* StackApply Extension Extension (macOS) */;
			targetProxy = FF0595AD3035F6D100EF5D3C /* PBXContainerItemProxy */;
		};
/* End PBXTargetDependency section */

/* Begin PBXVariantGroup section */
		FF0595763035F6CF00EF5D3C /* Main.html */ = {
			isa = PBXVariantGroup;
			children = (
				FF0595773035F6CF00EF5D3C /* Base */,
			);
			name = Main.html;
			sourceTree = "<group>";
		};
		FF05958A3035F6D100EF5D3C /* LaunchScreen.storyboard */ = {
			isa = PBXVariantGroup;
			children = (
				FF05958B3035F6D100EF5D3C /* Base */,
			);
			name = LaunchScreen.storyboard;
			sourceTree = "<group>";
		};
		FF05958D3035F6D100EF5D3C /* Main.storyboard */ = {
			isa = PBXVariantGroup;
			children = (
				FF05958E3035F6D100EF5D3C /* Base */,
			);
			name = Main.storyboard;
			sourceTree = "<group>";
		};
		FF0595993035F6D100EF5D3C /* Main.storyboard */ = {
			isa = PBXVariantGroup;
			children = (
				FF05959A3035F6D100EF5D3C /* Base */,
			);
			name = Main.storyboard;
			sourceTree = "<group>";
		};
/* End PBXVariantGroup section */

/* Begin XCBuildConfiguration section */
		FF0595BF3035F6D100EF5D3C /* Debug */ = {
			isa = XCBuildConfiguration;
			buildSettings = {
				ALWAYS_SEARCH_USER_PATHS = NO;
				ASSETCATALOG_COMPILER_GENERATE_SWIFT_ASSET_SYMBOL_EXTENSIONS = YES;
				CLANG_ANALYZER_NONNULL = YES;
				CLANG_ANALYZER_NUMBER_OBJECT_CONVERSION = YES_AGGRESSIVE;
				CLANG_CXX_LANGUAGE_STANDARD = "gnu++20";
				CLANG_ENABLE_MODULES = YES;
				CLANG_ENABLE_OBJC_ARC = YES;
				CLANG_ENABLE_OBJC_WEAK = YES;
				CLANG_WARN_BLOCK_CAPTURE_AUTORELEASING = YES;
				CLANG_WARN_BOOL_CONVERSION = YES;
				CLANG_WARN_COMMA = YES;
				CLANG_WARN_CONSTANT_CONVERSION = YES;
				CLANG_WARN_DEPRECATED_OBJC_IMPLEMENTATIONS = YES;
				CLANG_WARN_DIRECT_OBJC_ISA_USAGE = YES_ERROR;
				CLANG_WARN_DOCUMENTATION_COMMENTS = YES;
				CLANG_WARN_EMPTY_BODY = YES;
				CLANG_WARN_ENUM_CONVERSION = YES;
				CLANG_WARN_INFINITE_RECURSION = YES;
				CLANG_WARN_INT_CONVERSION = YES;
				CLANG_WARN_NON_LITERAL_NULL_CONVERSION = YES;
				CLANG_WARN_OBJC_IMPLICIT_RETAIN_SELF = YES;
				CLANG_WARN_OBJC_LITERAL_CONVERSION = YES;
				CLANG_WARN_OBJC_ROOT_CLASS = YES_ERROR;
				CLANG_WARN_QUOTED_INCLUDE_IN_FRAMEWORK_HEADER = YES;
				CLANG_WARN_RANGE_LOOP_ANALYSIS = YES;
				CLANG_WARN_STRICT_PROTOTYPES = YES;
				CLANG_WARN_SUSPICIOUS_MOVE = YES;
				CLANG_WARN_UNGUARDED_AVAILABILITY = YES_AGGRESSIVE;
				CLANG_WARN_UNREACHABLE_CODE = YES;
				CLANG_WARN__DUPLICATE_METHOD_MATCH = YES;
				COPY_PHASE_STRIP = NO;
				DEBUG_INFORMATION_FORMAT = dwarf;
				ENABLE_STRICT_OBJC_MSGSEND = YES;
				ENABLE_TESTABILITY = YES;
				ENABLE_USER_SCRIPT_SANDBOXING = YES;
				GCC_C_LANGUAGE_STANDARD = gnu17;
				GCC_DYNAMIC_NO_PIC = NO;
				GCC_NO_COMMON_BLOCKS = YES;
				GCC_OPTIMIZATION_LEVEL = 0;
				GCC_PREPROCESSOR_DEFINITIONS = (
					"DEBUG=1",
					"$(inherited)",
				);
				GCC_WARN_64_TO_32_BIT_CONVERSION = YES;
				GCC_WARN_ABOUT_RETURN_TYPE = YES_ERROR;
				GCC_WARN_UNDECLARED_SELECTOR = YES;
				GCC_WARN_UNINITIALIZED_AUTOS = YES_AGGRESSIVE;
				GCC_WARN_UNUSED_FUNCTION = YES;
				GCC_WARN_UNUSED_VARIABLE = YES;
				LOCALIZATION_PREFERS_STRING_CATALOGS = YES;
				MTL_ENABLE_DEBUG_INFO = INCLUDE_SOURCE;
				MTL_FAST_MATH = YES;
				ONLY_ACTIVE_ARCH = YES;
				SWIFT_ACTIVE_COMPILATION_CONDITIONS = "DEBUG $(inherited)";
				SWIFT_OPTIMIZATION_LEVEL = "-Onone";
			};
			name = Debug;
		};
		FF0595C03035F6D100EF5D3C /* Release */ = {
			isa = XCBuildConfiguration;
			buildSettings = {
				ALWAYS_SEARCH_USER_PATHS = NO;
				ASSETCATALOG_COMPILER_GENERATE_SWIFT_ASSET_SYMBOL_EXTENSIONS = YES;
				CLANG_ANALYZER_NONNULL = YES;
				CLANG_ANALYZER_NUMBER_OBJECT_CONVERSION = YES_AGGRESSIVE;
				CLANG_CXX_LANGUAGE_STANDARD = "gnu++20";
				CLANG_ENABLE_MODULES = YES;
				CLANG_ENABLE_OBJC_ARC = YES;
				CLANG_ENABLE_OBJC_WEAK = YES;
				CLANG_WARN_BLOCK_CAPTURE_AUTORELEASING = YES;
				CLANG_WARN_BOOL_CONVERSION = YES;
				CLANG_WARN_COMMA = YES;
				CLANG_WARN_CONSTANT_CONVERSION = YES;
				CLANG_WARN_DEPRECATED_OBJC_IMPLEMENTATIONS = YES;
				CLANG_WARN_DIRECT_OBJC_ISA_USAGE = YES_ERROR;
				CLANG_WARN_DOCUMENTATION_COMMENTS = YES;
				CLANG_WARN_EMPTY_BODY = YES;
				CLANG_WARN_ENUM_CONVERSION = YES;
				CLANG_WARN_INFINITE_RECURSION = YES;
				CLANG_WARN_INT_CONVERSION = YES;
				CLANG_WARN_NON_LITERAL_NULL_CONVERSION = YES;
				CLANG_WARN_OBJC_IMPLICIT_RETAIN_SELF = YES;
				CLANG_WARN_OBJC_LITERAL_CONVERSION = YES;
				CLANG_WARN_OBJC_ROOT_CLASS = YES_ERROR;
				CLANG_WARN_QUOTED_INCLUDE_IN_FRAMEWORK_HEADER = YES;
				CLANG_WARN_RANGE_LOOP_ANALYSIS = YES;
				CLANG_WARN_STRICT_PROTOTYPES = YES;
				CLANG_WARN_SUSPICIOUS_MOVE = YES;
				CLANG_WARN_UNGUARDED_AVAILABILITY = YES_AGGRESSIVE;
				CLANG_WARN_UNREACHABLE_CODE = YES;
				CLANG_WARN__DUPLICATE_METHOD_MATCH = YES;
				COPY_PHASE_STRIP = NO;
				DEBUG_INFORMATION_FORMAT = "dwarf-with-dsym";
				ENABLE_NS_ASSERTIONS = NO;
				ENABLE_STRICT_OBJC_MSGSEND = YES;
				ENABLE_USER_SCRIPT_SANDBOXING = YES;
				GCC_C_LANGUAGE_STANDARD = gnu17;
				GCC_NO_COMMON_BLOCKS = YES;
				GCC_WARN_64_TO_32_BIT_CONVERSION = YES;
				GCC_WARN_ABOUT_RETURN_TYPE = YES_ERROR;
				GCC_WARN_UNDECLARED_SELECTOR = YES;
				GCC_WARN_UNINITIALIZED_AUTOS = YES_AGGRESSIVE;
				GCC_WARN_UNUSED_FUNCTION = YES;
				GCC_WARN_UNUSED_VARIABLE = YES;
				LOCALIZATION_PREFERS_STRING_CATALOGS = YES;
				MTL_ENABLE_DEBUG_INFO = NO;
				MTL_FAST_MATH = YES;
				SWIFT_COMPILATION_MODE = wholemodule;
			};
			name = Release;
		};
		FF0595C23035F6D100EF5D3C /* Debug */ = {
			isa = XCBuildConfiguration;
			buildSettings = {
				CODE_SIGN_STYLE = Automatic;
				CURRENT_PROJECT_VERSION = 1;
				GENERATE_INFOPLIST_FILE = YES;
				INFOPLIST_FILE = "iOS (Extension)/Info.plist";
				INFOPLIST_KEY_CFBundleDisplayName = "StackApply Extension Extension";
				INFOPLIST_KEY_NSHumanReadableCopyright = "";
				IPHONEOS_DEPLOYMENT_TARGET = 15.0;
				LD_RUNPATH_SEARCH_PATHS = (
					"$(inherited)",
					"@executable_path/Frameworks",
					"@executable_path/../../Frameworks",
				);
				MARKETING_VERSION = 1.0;
				OTHER_LDFLAGS = (
					"-framework",
					SafariServices,
				);
				PRODUCT_BUNDLE_IDENTIFIER = "com.yourCompany.StackApply-Extension.Extension";
				PRODUCT_NAME = "StackApply Extension Extension";
				SDKROOT = iphoneos;
				SKIP_INSTALL = YES;
				STRING_CATALOG_GENERATE_SYMBOLS = YES;
				SWIFT_APPROACHABLE_CONCURRENCY = YES;
				SWIFT_EMIT_LOC_STRINGS = YES;
				SWIFT_UPCOMING_FEATURE_MEMBER_IMPORT_VISIBILITY = YES;
				SWIFT_VERSION = 5.0;
				TARGETED_DEVICE_FAMILY = "1,2";
			};
			name = Debug;
		};
		FF0595C33035F6D100EF5D3C /* Release */ = {
			isa = XCBuildConfiguration;
			buildSettings = {
				CODE_SIGN_STYLE = Automatic;
				CURRENT_PROJECT_VERSION = 1;
				GENERATE_INFOPLIST_FILE = YES;
				INFOPLIST_FILE = "iOS (Extension)/Info.plist";
				INFOPLIST_KEY_CFBundleDisplayName = "StackApply Extension Extension";
				INFOPLIST_KEY_NSHumanReadableCopyright = "";
				IPHONEOS_DEPLOYMENT_TARGET = 15.0;
				LD_RUNPATH_SEARCH_PATHS = (
					"$(inherited)",
					"@executable_path/Frameworks",
					"@executable_path/../../Frameworks",
				);
				MARKETING_VERSION = 1.0;
				OTHER_LDFLAGS = (
					"-framework",
					SafariServices,
				);
				PRODUCT_BUNDLE_IDENTIFIER = "com.yourCompany.StackApply-Extension.Extension";
				PRODUCT_NAME = "StackApply Extension Extension";
				SDKROOT = iphoneos;
				SKIP_INSTALL = YES;
				STRING_CATALOG_GENERATE_SYMBOLS = YES;
				SWIFT_APPROACHABLE_CONCURRENCY = YES;
				SWIFT_EMIT_LOC_STRINGS = YES;
				SWIFT_UPCOMING_FEATURE_MEMBER_IMPORT_VISIBILITY = YES;
				SWIFT_VERSION = 5.0;
				TARGETED_DEVICE_FAMILY = "1,2";
				VALIDATE_PRODUCT = YES;
			};
			name = Release;
		};
		FF0595C63035F6D100EF5D3C /* Debug */ = {
			isa = XCBuildConfiguration;
			buildSettings = {
				ASSETCATALOG_COMPILER_APPICON_NAME = AppIcon;
				ASSETCATALOG_COMPILER_GLOBAL_ACCENT_COLOR_NAME = AccentColor;
				CODE_SIGN_STYLE = Automatic;
				CURRENT_PROJECT_VERSION = 1;
				GENERATE_INFOPLIST_FILE = YES;
				INFOPLIST_FILE = "iOS (App)/Info.plist";
				INFOPLIST_KEY_CFBundleDisplayName = "StackApply Extension";
				INFOPLIST_KEY_UIApplicationSupportsIndirectInputEvents = YES;
				INFOPLIST_KEY_UILaunchStoryboardName = LaunchScreen;
				INFOPLIST_KEY_UIMainStoryboardFile = Main;
				INFOPLIST_KEY_UISupportedInterfaceOrientations = "UIInterfaceOrientationPortrait UIInterfaceOrientationLandscapeLeft UIInterfaceOrientationLandscapeRight";
				INFOPLIST_KEY_UISupportedInterfaceOrientations_iPad = "UIInterfaceOrientationPortrait UIInterfaceOrientationPortraitUpsideDown UIInterfaceOrientationLandscapeLeft UIInterfaceOrientationLandscapeRight";
				IPHONEOS_DEPLOYMENT_TARGET = 15.0;
				LD_RUNPATH_SEARCH_PATHS = (
					"$(inherited)",
					"@executable_path/Frameworks",
				);
				MARKETING_VERSION = 1.0;
				OTHER_LDFLAGS = (
					"-framework",
					SafariServices,
					"-framework",
					WebKit,
				);
				PRODUCT_BUNDLE_IDENTIFIER = "com.yourCompany.StackApply-Extension";
				PRODUCT_NAME = "StackApply Extension";
				SDKROOT = iphoneos;
				STRING_CATALOG_GENERATE_SYMBOLS = YES;
				SWIFT_APPROACHABLE_CONCURRENCY = YES;
				SWIFT_DEFAULT_ACTOR_ISOLATION = MainActor;
				SWIFT_EMIT_LOC_STRINGS = YES;
				SWIFT_UPCOMING_FEATURE_MEMBER_IMPORT_VISIBILITY = YES;
				SWIFT_VERSION = 5.0;
				TARGETED_DEVICE_FAMILY = "1,2";
			};
			name = Debug;
		};
		FF0595C73035F6D100EF5D3C /* Release */ = {
			isa = XCBuildConfiguration;
			buildSettings = {
				ASSETCATALOG_COMPILER_APPICON_NAME = AppIcon;
				ASSETCATALOG_COMPILER_GLOBAL_ACCENT_COLOR_NAME = AccentColor;
				CODE_SIGN_STYLE = Automatic;
				CURRENT_PROJECT_VERSION = 1;
				GENERATE_INFOPLIST_FILE = YES;
				INFOPLIST_FILE = "iOS (App)/Info.plist";
				INFOPLIST_KEY_CFBundleDisplayName = "StackApply Extension";
				INFOPLIST_KEY_UIApplicationSupportsIndirectInputEvents = YES;
				INFOPLIST_KEY_UILaunchStoryboardName = LaunchScreen;
				INFOPLIST_KEY_UIMainStoryboardFile = Main;
				INFOPLIST_KEY_UISupportedInterfaceOrientations = "UIInterfaceOrientationPortrait UIInterfaceOrientationLandscapeLeft UIInterfaceOrientationLandscapeRight";
				INFOPLIST_KEY_UISupportedInterfaceOrientations_iPad = "UIInterfaceOrientationPortrait UIInterfaceOrientationPortraitUpsideDown UIInterfaceOrientationLandscapeLeft UIInterfaceOrientationLandscapeRight";
				IPHONEOS_DEPLOYMENT_TARGET = 15.0;
				LD_RUNPATH_SEARCH_PATHS = (
					"$(inherited)",
					"@executable_path/Frameworks",
				);
				MARKETING_VERSION = 1.0;
				OTHER_LDFLAGS = (
					"-framework",
					SafariServices,
					"-framework",
					WebKit,
				);
				PRODUCT_BUNDLE_IDENTIFIER = "com.yourCompany.StackApply-Extension";
				PRODUCT_NAME = "StackApply Extension";
				SDKROOT = iphoneos;
				STRING_CATALOG_GENERATE_SYMBOLS = YES;
				SWIFT_APPROACHABLE_CONCURRENCY = YES;
				SWIFT_DEFAULT_ACTOR_ISOLATION = MainActor;
				SWIFT_EMIT_LOC_STRINGS = YES;
				SWIFT_UPCOMING_FEATURE_MEMBER_IMPORT_VISIBILITY = YES;
				SWIFT_VERSION = 5.0;
				TARGETED_DEVICE_FAMILY = "1,2";
				VALIDATE_PRODUCT = YES;
			};
			name = Release;
		};
		FF0595C93035F6D100EF5D3C /* Debug */ = {
			isa = XCBuildConfiguration;
			buildSettings = {
				CODE_SIGN_STYLE = Automatic;
				CURRENT_PROJECT_VERSION = 1;
				ENABLE_APP_SANDBOX = YES;
				ENABLE_HARDENED_RUNTIME = YES;
				ENABLE_USER_SELECTED_FILES = readonly;
				GENERATE_INFOPLIST_FILE = YES;
				INFOPLIST_FILE = "macOS (Extension)/Info.plist";
				INFOPLIST_KEY_CFBundleDisplayName = "StackApply Extension Extension";
				INFOPLIST_KEY_NSHumanReadableCopyright = "";
				LD_RUNPATH_SEARCH_PATHS = (
					"$(inherited)",
					"@executable_path/../Frameworks",
					"@executable_path/../../../../Frameworks",
				);
				MACOSX_DEPLOYMENT_TARGET = 10.14;
				MARKETING_VERSION = 1.0;
				OTHER_LDFLAGS = (
					"-framework",
					SafariServices,
				);
				PRODUCT_BUNDLE_IDENTIFIER = "com.yourCompany.StackApply-Extension.Extension";
				PRODUCT_NAME = "StackApply Extension Extension";
				SDKROOT = macosx;
				SKIP_INSTALL = YES;
				STRING_CATALOG_GENERATE_SYMBOLS = YES;
				SWIFT_APPROACHABLE_CONCURRENCY = YES;
				SWIFT_EMIT_LOC_STRINGS = YES;
				SWIFT_UPCOMING_FEATURE_MEMBER_IMPORT_VISIBILITY = YES;
				SWIFT_VERSION = 5.0;
			};
			name = Debug;
		};
		FF0595CA3035F6D100EF5D3C /* Release */ = {
			isa = XCBuildConfiguration;
			buildSettings = {
				CODE_SIGN_STYLE = Automatic;
				CURRENT_PROJECT_VERSION = 1;
				ENABLE_APP_SANDBOX = YES;
				ENABLE_HARDENED_RUNTIME = YES;
				ENABLE_USER_SELECTED_FILES = readonly;
				GENERATE_INFOPLIST_FILE = YES;
				INFOPLIST_FILE = "macOS (Extension)/Info.plist";
				INFOPLIST_KEY_CFBundleDisplayName = "StackApply Extension Extension";
				INFOPLIST_KEY_NSHumanReadableCopyright = "";
				LD_RUNPATH_SEARCH_PATHS = (
					"$(inherited)",
					"@executable_path/../Frameworks",
					"@executable_path/../../../../Frameworks",
				);
				MACOSX_DEPLOYMENT_TARGET = 10.14;
				MARKETING_VERSION = 1.0;
				OTHER_LDFLAGS = (
					"-framework",
					SafariServices,
				);
				PRODUCT_BUNDLE_IDENTIFIER = "com.yourCompany.StackApply-Extension.Extension";
				PRODUCT_NAME = "StackApply Extension Extension";
				SDKROOT = macosx;
				SKIP_INSTALL = YES;
				STRING_CATALOG_GENERATE_SYMBOLS = YES;
				SWIFT_APPROACHABLE_CONCURRENCY = YES;
				SWIFT_EMIT_LOC_STRINGS = YES;
				SWIFT_UPCOMING_FEATURE_MEMBER_IMPORT_VISIBILITY = YES;
				SWIFT_VERSION = 5.0;
			};
			name = Release;
		};
		FF0595CD3035F6D100EF5D3C /* Debug */ = {
			isa = XCBuildConfiguration;
			buildSettings = {
				ASSETCATALOG_COMPILER_APPICON_NAME = AppIcon;
				ASSETCATALOG_COMPILER_GLOBAL_ACCENT_COLOR_NAME = AccentColor;
				CODE_SIGN_STYLE = Automatic;
				CURRENT_PROJECT_VERSION = 1;
				ENABLE_APP_SANDBOX = YES;
				ENABLE_HARDENED_RUNTIME = YES;
				ENABLE_OUTGOING_NETWORK_CONNECTIONS = YES;
				ENABLE_USER_SELECTED_FILES = readonly;
				GENERATE_INFOPLIST_FILE = YES;
				INFOPLIST_FILE = "macOS (App)/Info.plist";
				INFOPLIST_KEY_CFBundleDisplayName = "StackApply Extension";
				INFOPLIST_KEY_NSMainStoryboardFile = Main;
				INFOPLIST_KEY_NSPrincipalClass = NSApplication;
				LD_RUNPATH_SEARCH_PATHS = (
					"$(inherited)",
					"@executable_path/../Frameworks",
				);
				MACOSX_DEPLOYMENT_TARGET = 10.14;
				MARKETING_VERSION = 1.0;
				OTHER_LDFLAGS = (
					"-framework",
					SafariServices,
					"-framework",
					WebKit,
				);
				PRODUCT_BUNDLE_IDENTIFIER = "com.yourCompany.StackApply-Extension";
				PRODUCT_NAME = "StackApply Extension";
				REGISTER_APP_GROUPS = YES;
				SDKROOT = macosx;
				STRING_CATALOG_GENERATE_SYMBOLS = YES;
				SWIFT_APPROACHABLE_CONCURRENCY = YES;
				SWIFT_DEFAULT_ACTOR_ISOLATION = MainActor;
				SWIFT_EMIT_LOC_STRINGS = YES;
				SWIFT_UPCOMING_FEATURE_MEMBER_IMPORT_VISIBILITY = YES;
				SWIFT_VERSION = 5.0;
			};
			name = Debug;
		};
		FF0595CE3035F6D100EF5D3C /* Release */ = {
			isa = XCBuildConfiguration;
			buildSettings = {
				ASSETCATALOG_COMPILER_APPICON_NAME = AppIcon;
				ASSETCATALOG_COMPILER_GLOBAL_ACCENT_COLOR_NAME = AccentColor;
				CODE_SIGN_STYLE = Automatic;
				CURRENT_PROJECT_VERSION = 1;
				ENABLE_APP_SANDBOX = YES;
				ENABLE_HARDENED_RUNTIME = YES;
				ENABLE_OUTGOING_NETWORK_CONNECTIONS = YES;
				ENABLE_USER_SELECTED_FILES = readonly;
				GENERATE_INFOPLIST_FILE = YES;
				INFOPLIST_FILE = "macOS (App)/Info.plist";
				INFOPLIST_KEY_CFBundleDisplayName = "StackApply Extension";
				INFOPLIST_KEY_NSMainStoryboardFile = Main;
				INFOPLIST_KEY_NSPrincipalClass = NSApplication;
				LD_RUNPATH_SEARCH_PATHS = (
					"$(inherited)",
					"@executable_path/../Frameworks",
				);
				MACOSX_DEPLOYMENT_TARGET = 10.14;
				MARKETING_VERSION = 1.0;
				OTHER_LDFLAGS = (
					"-framework",
					SafariServices,
					"-framework",
					WebKit,
				);
				PRODUCT_BUNDLE_IDENTIFIER = "com.yourCompany.StackApply-Extension";
				PRODUCT_NAME = "StackApply Extension";
				REGISTER_APP_GROUPS = YES;
				SDKROOT = macosx;
				STRING_CATALOG_GENERATE_SYMBOLS = YES;
				SWIFT_APPROACHABLE_CONCURRENCY = YES;
				SWIFT_DEFAULT_ACTOR_ISOLATION = MainActor;
				SWIFT_EMIT_LOC_STRINGS = YES;
				SWIFT_UPCOMING_FEATURE_MEMBER_IMPORT_VISIBILITY = YES;
				SWIFT_VERSION = 5.0;
			};
			name = Release;
		};
/* End XCBuildConfiguration section */

/* Begin XCConfigurationList section */
		FF0595733035F6CF00EF5D3C /* Build configuration list for PBXProject "StackApply Extension" */ = {
			isa = XCConfigurationList;
			buildConfigurations = (
				FF0595BF3035F6D100EF5D3C /* Debug */,
				FF0595C03035F6D100EF5D3C /* Release */,
			);
			defaultConfigurationIsVisible = 0;
			defaultConfigurationName = Release;
		};
		FF0595C13035F6D100EF5D3C /* Build configuration list for PBXNativeTarget "StackApply Extension Extension (iOS)" */ = {
			isa = XCConfigurationList;
			buildConfigurations = (
				FF0595C23035F6D100EF5D3C /* Debug */,
				FF0595C33035F6D100EF5D3C /* Release */,
			);
			defaultConfigurationIsVisible = 0;
			defaultConfigurationName = Release;
		};
		FF0595C53035F6D100EF5D3C /* Build configuration list for PBXNativeTarget "StackApply Extension (iOS)" */ = {
			isa = XCConfigurationList;
			buildConfigurations = (
				FF0595C63035F6D100EF5D3C /* Debug */,
				FF0595C73035F6D100EF5D3C /* Release */,
			);
			defaultConfigurationIsVisible = 0;
			defaultConfigurationName = Release;
		};
		FF0595C83035F6D100EF5D3C /* Build configuration list for PBXNativeTarget "StackApply Extension Extension (macOS)" */ = {
			isa = XCConfigurationList;
			buildConfigurations = (
				FF0595C93035F6D100EF5D3C /* Debug */,
				FF0595CA3035F6D100EF5D3C /* Release */,
			);
			defaultConfigurationIsVisible = 0;
			defaultConfigurationName = Release;
		};
		FF0595CC3035F6D100EF5D3C /* Build configuration list for PBXNativeTarget "StackApply Extension (macOS)" */ = {
			isa = XCConfigurationList;
			buildConfigurations = (
				FF0595CD3035F6D100EF5D3C /* Debug */,
				FF0595CE3035F6D100EF5D3C /* Release */,
			);
			defaultConfigurationIsVisible = 0;
			defaultConfigurationName = Release;
		};
/* End XCConfigurationList section */
	};
	rootObject = FF0595703035F6CF00EF5D3C /* Project object */;
}
