// !$*UTF8*$!
{
	archiveVersion = 1;
	classes = {
	};
	objectVersion = 77;
	objects = {

/* Begin PBXBuildFile section */
		FF49037B303377A20037709A /* AppDelegate.swift in Sources */ = {isa = PBXBuildFile; fileRef = FF49037A303377A20037709A /* AppDelegate.swift */; };
		FF49037D303377A20037709A /* SceneDelegate.swift in Sources */ = {isa = PBXBuildFile; fileRef = FF49037C303377A20037709A /* SceneDelegate.swift */; };
		FF490380303377A20037709A /* LaunchScreen.storyboard in Resources */ = {isa = PBXBuildFile; fileRef = FF49037E303377A20037709A /* LaunchScreen.storyboard */; };
		FF490383303377A20037709A /* Main.storyboard in Resources */ = {isa = PBXBuildFile; fileRef = FF490381303377A20037709A /* Main.storyboard */; };
		FF49038C303377A20037709A /* AppDelegate.swift in Sources */ = {isa = PBXBuildFile; fileRef = FF49038B303377A20037709A /* AppDelegate.swift */; };
		FF49038F303377A20037709A /* Main.storyboard in Resources */ = {isa = PBXBuildFile; fileRef = FF49038D303377A20037709A /* Main.storyboard */; };
		FF490396303377A20037709A /* StackApply Extension Extension.appex in Embed Foundation Extensions */ = {isa = PBXBuildFile; fileRef = FF490395303377A20037709A /* StackApply Extension Extension.appex */; settings = {ATTRIBUTES = (RemoveHeadersOnCopy, ); }; };
		FF4903A0303377A20037709A /* StackApply Extension Extension.appex in Embed Foundation Extensions */ = {isa = PBXBuildFile; fileRef = FF49039F303377A20037709A /* StackApply Extension Extension.appex */; settings = {ATTRIBUTES = (RemoveHeadersOnCopy, ); }; };
		FF4903A5303377A20037709A /* Main.html in Resources */ = {isa = PBXBuildFile; fileRef = FF49036A303377A00037709A /* Main.html */; };
		FF4903A6303377A20037709A /* Main.html in Resources */ = {isa = PBXBuildFile; fileRef = FF49036A303377A00037709A /* Main.html */; };
		FF4903A7303377A20037709A /* Icon.png in Resources */ = {isa = PBXBuildFile; fileRef = FF49036C303377A00037709A /* Icon.png */; };
		FF4903A8303377A20037709A /* Icon.png in Resources */ = {isa = PBXBuildFile; fileRef = FF49036C303377A00037709A /* Icon.png */; };
		FF4903A9303377A20037709A /* Style.css in Resources */ = {isa = PBXBuildFile; fileRef = FF49036D303377A00037709A /* Style.css */; };
		FF4903AA303377A20037709A /* Style.css in Resources */ = {isa = PBXBuildFile; fileRef = FF49036D303377A00037709A /* Style.css */; };
		FF4903AB303377A20037709A /* Script.js in Resources */ = {isa = PBXBuildFile; fileRef = FF49036E303377A00037709A /* Script.js */; };
		FF4903AC303377A20037709A /* Script.js in Resources */ = {isa = PBXBuildFile; fileRef = FF49036E303377A00037709A /* Script.js */; };
		FF4903AD303377A20037709A /* ViewController.swift in Sources */ = {isa = PBXBuildFile; fileRef = FF49036F303377A00037709A /* ViewController.swift */; };
		FF4903AE303377A20037709A /* ViewController.swift in Sources */ = {isa = PBXBuildFile; fileRef = FF49036F303377A00037709A /* ViewController.swift */; };
		FF4903AF303377A20037709A /* Assets.xcassets in Resources */ = {isa = PBXBuildFile; fileRef = FF490370303377A20037709A /* Assets.xcassets */; };
		FF4903B0303377A20037709A /* Assets.xcassets in Resources */ = {isa = PBXBuildFile; fileRef = FF490370303377A20037709A /* Assets.xcassets */; };
		FF4903B1303377A20037709A /* SafariWebExtensionHandler.swift in Sources */ = {isa = PBXBuildFile; fileRef = FF490372303377A20037709A /* SafariWebExtensionHandler.swift */; };
		FF4903B2303377A20037709A /* SafariWebExtensionHandler.swift in Sources */ = {isa = PBXBuildFile; fileRef = FF490372303377A20037709A /* SafariWebExtensionHandler.swift */; };
		FF4903C8303377A20037709A /* popup.js in Resources */ = {isa = PBXBuildFile; fileRef = FF4903C4303377A20037709A /* popup.js */; };
		FF4903C9303377A20037709A /* popup.html in Resources */ = {isa = PBXBuildFile; fileRef = FF4903C5303377A20037709A /* popup.html */; };
		FF4903CA303377A20037709A /* manifest.json in Resources */ = {isa = PBXBuildFile; fileRef = FF4903C6303377A20037709A /* manifest.json */; };
		FF4903CB303377A20037709A /* content.js in Resources */ = {isa = PBXBuildFile; fileRef = FF4903C7303377A20037709A /* content.js */; };
		FF4903CC303377A20037709A /* popup.js in Resources */ = {isa = PBXBuildFile; fileRef = FF4903C4303377A20037709A /* popup.js */; };
		FF4903CD303377A20037709A /* popup.html in Resources */ = {isa = PBXBuildFile; fileRef = FF4903C5303377A20037709A /* popup.html */; };
		FF4903CE303377A20037709A /* manifest.json in Resources */ = {isa = PBXBuildFile; fileRef = FF4903C6303377A20037709A /* manifest.json */; };
		FF4903CF303377A20037709A /* content.js in Resources */ = {isa = PBXBuildFile; fileRef = FF4903C7303377A20037709A /* content.js */; };
/* End PBXBuildFile section */

/* Begin PBXContainerItemProxy section */
		FF490397303377A20037709A /* PBXContainerItemProxy */ = {
			isa = PBXContainerItemProxy;
			containerPortal = FF490364303377A00037709A /* Project object */;
			proxyType = 1;
			remoteGlobalIDString = FF490394303377A20037709A;
			remoteInfo = "StackApply Extension Extension (iOS)";
		};
		FF4903A1303377A20037709A /* PBXContainerItemProxy */ = {
			isa = PBXContainerItemProxy;
			containerPortal = FF490364303377A00037709A /* Project object */;
			proxyType = 1;
			remoteGlobalIDString = FF49039E303377A20037709A;
			remoteInfo = "StackApply Extension Extension (macOS)";
		};
/* End PBXContainerItemProxy section */

/* Begin PBXCopyFilesBuildPhase section */
		FF4903B8303377A20037709A /* Embed Foundation Extensions */ = {
			isa = PBXCopyFilesBuildPhase;
			buildActionMask = 2147483647;
			dstPath = "";
			dstSubfolderSpec = 13;
			files = (
				FF490396303377A20037709A /* StackApply Extension Extension.appex in Embed Foundation Extensions */,
			);
			name = "Embed Foundation Extensions";
			runOnlyForDeploymentPostprocessing = 0;
		};
		FF4903BF303377A20037709A /* Embed Foundation Extensions */ = {
			isa = PBXCopyFilesBuildPhase;
			buildActionMask = 2147483647;
			dstPath = "";
			dstSubfolderSpec = 13;
			files = (
				FF4903A0303377A20037709A /* StackApply Extension Extension.appex in Embed Foundation Extensions */,
			);
			name = "Embed Foundation Extensions";
			runOnlyForDeploymentPostprocessing = 0;
		};
/* End PBXCopyFilesBuildPhase section */

/* Begin PBXFileReference section */
		FF49036B303377A00037709A /* Base */ = {isa = PBXFileReference; lastKnownFileType = text.html; name = Base; path = Base.lproj/Main.html; sourceTree = "<group>"; };
		FF49036C303377A00037709A /* Icon.png */ = {isa = PBXFileReference; lastKnownFileType = image.png; path = Icon.png; sourceTree = "<group>"; };
		FF49036D303377A00037709A /* Style.css */ = {isa = PBXFileReference; lastKnownFileType = text.css; path = Style.css; sourceTree = "<group>"; };
		FF49036E303377A00037709A /* Script.js */ = {isa = PBXFileReference; lastKnownFileType = sourcecode.javascript; path = Script.js; sourceTree = "<group>"; };
		FF49036F303377A00037709A /* ViewController.swift */ = {isa = PBXFileReference; lastKnownFileType = sourcecode.swift; path = ViewController.swift; sourceTree = "<group>"; };
		FF490370303377A20037709A /* Assets.xcassets */ = {isa = PBXFileReference; lastKnownFileType = folder.assetcatalog; path = Assets.xcassets; sourceTree = "<group>"; };
		FF490372303377A20037709A /* SafariWebExtensionHandler.swift */ = {isa = PBXFileReference; lastKnownFileType = sourcecode.swift; path = SafariWebExtensionHandler.swift; sourceTree = "<group>"; };
		FF490377303377A20037709A /* StackApply Extension.app */ = {isa = PBXFileReference; explicitFileType = wrapper.application; includeInIndex = 0; path = "StackApply Extension.app"; sourceTree = BUILT_PRODUCTS_DIR; };
		FF49037A303377A20037709A /* AppDelegate.swift */ = {isa = PBXFileReference; lastKnownFileType = sourcecode.swift; path = AppDelegate.swift; sourceTree = "<group>"; };
		FF49037C303377A20037709A /* SceneDelegate.swift */ = {isa = PBXFileReference; lastKnownFileType = sourcecode.swift; path = SceneDelegate.swift; sourceTree = "<group>"; };
		FF49037F303377A20037709A /* Base */ = {isa = PBXFileReference; lastKnownFileType = file.storyboard; name = Base; path = Base.lproj/LaunchScreen.storyboard; sourceTree = "<group>"; };
		FF490382303377A20037709A /* Base */ = {isa = PBXFileReference; lastKnownFileType = file.storyboard; name = Base; path = Base.lproj/Main.storyboard; sourceTree = "<group>"; };
		FF490384303377A20037709A /* Info.plist */ = {isa = PBXFileReference; lastKnownFileType = text.plist.xml; path = Info.plist; sourceTree = "<group>"; };
		FF490389303377A20037709A /* StackApply Extension.app */ = {isa = PBXFileReference; explicitFileType = wrapper.application; includeInIndex = 0; path = "StackApply Extension.app"; sourceTree = BUILT_PRODUCTS_DIR; };
		FF49038B303377A20037709A /* AppDelegate.swift */ = {isa = PBXFileReference; lastKnownFileType = sourcecode.swift; path = AppDelegate.swift; sourceTree = "<group>"; };
		FF49038E303377A20037709A /* Base */ = {isa = PBXFileReference; lastKnownFileType = file.storyboard; name = Base; path = Base.lproj/Main.storyboard; sourceTree = "<group>"; };
		FF490390303377A20037709A /* Info.plist */ = {isa = PBXFileReference; lastKnownFileType = text.plist.xml; path = Info.plist; sourceTree = "<group>"; };
		FF490395303377A20037709A /* StackApply Extension Extension.appex */ = {isa = PBXFileReference; explicitFileType = "wrapper.app-extension"; includeInIndex = 0; path = "StackApply Extension Extension.appex"; sourceTree = BUILT_PRODUCTS_DIR; };
		FF49039A303377A20037709A /* Info.plist */ = {isa = PBXFileReference; lastKnownFileType = text.plist.xml; path = Info.plist; sourceTree = "<group>"; };
		FF49039F303377A20037709A /* StackApply Extension Extension.appex */ = {isa = PBXFileReference; explicitFileType = "wrapper.app-extension"; includeInIndex = 0; path = "StackApply Extension Extension.appex"; sourceTree = BUILT_PRODUCTS_DIR; };
		FF4903A4303377A20037709A /* Info.plist */ = {isa = PBXFileReference; lastKnownFileType = text.plist.xml; path = Info.plist; sourceTree = "<group>"; };
		FF4903C4303377A20037709A /* popup.js */ = {isa = PBXFileReference; lastKnownFileType = sourcecode.javascript; name = popup.js; path = ../../../extension/popup.js; sourceTree = "<group>"; };
		FF4903C5303377A20037709A /* popup.html */ = {isa = PBXFileReference; lastKnownFileType = text.html; name = popup.html; path = ../../../extension/popup.html; sourceTree = "<group>"; };
		FF4903C6303377A20037709A /* manifest.json */ = {isa = PBXFileReference; lastKnownFileType = text.json; name = manifest.json; path = ../../../extension/manifest.json; sourceTree = "<group>"; };
		FF4903C7303377A20037709A /* content.js */ = {isa = PBXFileReference; lastKnownFileType = sourcecode.javascript; name = content.js; path = ../../../extension/content.js; sourceTree = "<group>"; };
/* End PBXFileReference section */

/* Begin PBXFrameworksBuildPhase section */
		FF490374303377A20037709A /* Frameworks */ = {
			isa = PBXFrameworksBuildPhase;
			buildActionMask = 2147483647;
			files = (
			);
			runOnlyForDeploymentPostprocessing = 0;
		};
		FF490386303377A20037709A /* Frameworks */ = {
			isa = PBXFrameworksBuildPhase;
			buildActionMask = 2147483647;
			files = (
			);
			runOnlyForDeploymentPostprocessing = 0;
		};
		FF490392303377A20037709A /* Frameworks */ = {
			isa = PBXFrameworksBuildPhase;
			buildActionMask = 2147483647;
			files = (
			);
			runOnlyForDeploymentPostprocessing = 0;
		};
		FF49039C303377A20037709A /* Frameworks */ = {
			isa = PBXFrameworksBuildPhase;
			buildActionMask = 2147483647;
			files = (
			);
			runOnlyForDeploymentPostprocessing = 0;
		};
/* End PBXFrameworksBuildPhase section */

/* Begin PBXGroup section */
		FF490363303377A00037709A = {
			isa = PBXGroup;
			children = (
				FF490368303377A00037709A /* Shared (App) */,
				FF490371303377A20037709A /* Shared (Extension) */,
				FF490379303377A20037709A /* iOS (App) */,
				FF49038A303377A20037709A /* macOS (App) */,
				FF490399303377A20037709A /* iOS (Extension) */,
				FF4903A3303377A20037709A /* macOS (Extension) */,
				FF490378303377A20037709A /* Products */,
			);
			sourceTree = "<group>";
		};
		FF490368303377A00037709A /* Shared (App) */ = {
			isa = PBXGroup;
			children = (
				FF49036F303377A00037709A /* ViewController.swift */,
				FF490370303377A20037709A /* Assets.xcassets */,
				FF490369303377A00037709A /* Resources */,
			);
			path = "Shared (App)";
			sourceTree = "<group>";
		};
		FF490369303377A00037709A /* Resources */ = {
			isa = PBXGroup;
			children = (
				FF49036A303377A00037709A /* Main.html */,
				FF49036C303377A00037709A /* Icon.png */,
				FF49036D303377A00037709A /* Style.css */,
				FF49036E303377A00037709A /* Script.js */,
			);
			path = Resources;
			sourceTree = "<group>";
		};
		FF490371303377A20037709A /* Shared (Extension) */ = {
			isa = PBXGroup;
			children = (
				FF4903C3303377A20037709A /* Resources */,
				FF490372303377A20037709A /* SafariWebExtensionHandler.swift */,
			);
			path = "Shared (Extension)";
			sourceTree = "<group>";
		};
		FF490378303377A20037709A /* Products */ = {
			isa = PBXGroup;
			children = (
				FF490377303377A20037709A /* StackApply Extension.app */,
				FF490389303377A20037709A /* StackApply Extension.app */,
				FF490395303377A20037709A /* StackApply Extension Extension.appex */,
				FF49039F303377A20037709A /* StackApply Extension Extension.appex */,
			);
			name = Products;
			sourceTree = "<group>";
		};
		FF490379303377A20037709A /* iOS (App) */ = {
			isa = PBXGroup;
			children = (
				FF49037A303377A20037709A /* AppDelegate.swift */,
				FF49037C303377A20037709A /* SceneDelegate.swift */,
				FF49037E303377A20037709A /* LaunchScreen.storyboard */,
				FF490381303377A20037709A /* Main.storyboard */,
				FF490384303377A20037709A /* Info.plist */,
			);
			path = "iOS (App)";
			sourceTree = "<group>";
		};
		FF49038A303377A20037709A /* macOS (App) */ = {
			isa = PBXGroup;
			children = (
				FF49038B303377A20037709A /* AppDelegate.swift */,
				FF49038D303377A20037709A /* Main.storyboard */,
				FF490390303377A20037709A /* Info.plist */,
			);
			path = "macOS (App)";
			sourceTree = "<group>";
		};
		FF490399303377A20037709A /* iOS (Extension) */ = {
			isa = PBXGroup;
			children = (
				FF49039A303377A20037709A /* Info.plist */,
			);
			path = "iOS (Extension)";
			sourceTree = "<group>";
		};
		FF4903A3303377A20037709A /* macOS (Extension) */ = {
			isa = PBXGroup;
			children = (
				FF4903A4303377A20037709A /* Info.plist */,
			);
			path = "macOS (Extension)";
			sourceTree = "<group>";
		};
		FF4903C3303377A20037709A /* Resources */ = {
			isa = PBXGroup;
			children = (
				FF4903C4303377A20037709A /* popup.js */,
				FF4903C5303377A20037709A /* popup.html */,
				FF4903C6303377A20037709A /* manifest.json */,
				FF4903C7303377A20037709A /* content.js */,
			);
			name = Resources;
			path = "Shared (Extension)";
			sourceTree = SOURCE_ROOT;
		};
/* End PBXGroup section */

/* Begin PBXNativeTarget section */
		FF490376303377A20037709A /* StackApply Extension (iOS) */ = {
			isa = PBXNativeTarget;
			buildConfigurationList = FF4903B9303377A20037709A /* Build configuration list for PBXNativeTarget "StackApply Extension (iOS)" */;
			buildPhases = (
				FF490373303377A20037709A /* Sources */,
				FF490374303377A20037709A /* Frameworks */,
				FF490375303377A20037709A /* Resources */,
				FF4903B8303377A20037709A /* Embed Foundation Extensions */,
			);
			buildRules = (
			);
			dependencies = (
				FF490398303377A20037709A /* PBXTargetDependency */,
			);
			name = "StackApply Extension (iOS)";
			packageProductDependencies = (
			);
			productName = "StackApply Extension (iOS)";
			productReference = FF490377303377A20037709A /* StackApply Extension.app */;
			productType = "com.apple.product-type.application";
		};
		FF490388303377A20037709A /* StackApply Extension (macOS) */ = {
			isa = PBXNativeTarget;
			buildConfigurationList = FF4903C0303377A20037709A /* Build configuration list for PBXNativeTarget "StackApply Extension (macOS)" */;
			buildPhases = (
				FF490385303377A20037709A /* Sources */,
				FF490386303377A20037709A /* Frameworks */,
				FF490387303377A20037709A /* Resources */,
				FF4903BF303377A20037709A /* Embed Foundation Extensions */,
			);
			buildRules = (
			);
			dependencies = (
				FF4903A2303377A20037709A /* PBXTargetDependency */,
			);
			name = "StackApply Extension (macOS)";
			packageProductDependencies = (
			);
			productName = "StackApply Extension (macOS)";
			productReference = FF490389303377A20037709A /* StackApply Extension.app */;
			productType = "com.apple.product-type.application";
		};
		FF490394303377A20037709A /* StackApply Extension Extension (iOS) */ = {
			isa = PBXNativeTarget;
			buildConfigurationList = FF4903B5303377A20037709A /* Build configuration list for PBXNativeTarget "StackApply Extension Extension (iOS)" */;
			buildPhases = (
				FF490391303377A20037709A /* Sources */,
				FF490392303377A20037709A /* Frameworks */,
				FF490393303377A20037709A /* Resources */,
			);
			buildRules = (
			);
			dependencies = (
			);
			name = "StackApply Extension Extension (iOS)";
			packageProductDependencies = (
			);
			productName = "StackApply Extension Extension (iOS)";
			productReference = FF490395303377A20037709A /* StackApply Extension Extension.appex */;
			productType = "com.apple.product-type.app-extension";
		};
		FF49039E303377A20037709A /* StackApply Extension Extension (macOS) */ = {
			isa = PBXNativeTarget;
			buildConfigurationList = FF4903BC303377A20037709A /* Build configuration list for PBXNativeTarget "StackApply Extension Extension (macOS)" */;
			buildPhases = (
				FF49039B303377A20037709A /* Sources */,
				FF49039C303377A20037709A /* Frameworks */,
				FF49039D303377A20037709A /* Resources */,
			);
			buildRules = (
			);
			dependencies = (
			);
			name = "StackApply Extension Extension (macOS)";
			packageProductDependencies = (
			);
			productName = "StackApply Extension Extension (macOS)";
			productReference = FF49039F303377A20037709A /* StackApply Extension Extension.appex */;
			productType = "com.apple.product-type.app-extension";
		};
/* End PBXNativeTarget section */

/* Begin PBXProject section */
		FF490364303377A00037709A /* Project object */ = {
			isa = PBXProject;
			attributes = {
				BuildIndependentTargetsInParallel = 1;
				LastSwiftUpdateCheck = 2660;
				LastUpgradeCheck = 2660;
				TargetAttributes = {
					FF490376303377A20037709A = {
						CreatedOnToolsVersion = 26.6;
					};
					FF490388303377A20037709A = {
						CreatedOnToolsVersion = 26.6;
					};
					FF490394303377A20037709A = {
						CreatedOnToolsVersion = 26.6;
					};
					FF49039E303377A20037709A = {
						CreatedOnToolsVersion = 26.6;
					};
				};
			};
			buildConfigurationList = FF490367303377A00037709A /* Build configuration list for PBXProject "StackApply Extension" */;
			developmentRegion = en;
			hasScannedForEncodings = 0;
			knownRegions = (
				en,
				Base,
			);
			mainGroup = FF490363303377A00037709A;
			minimizedProjectReferenceProxies = 1;
			preferredProjectObjectVersion = 77;
			productRefGroup = FF490378303377A20037709A /* Products */;
			projectDirPath = "";
			projectRoot = "";
			targets = (
				FF490376303377A20037709A /* StackApply Extension (iOS) */,
				FF490388303377A20037709A /* StackApply Extension (macOS) */,
				FF490394303377A20037709A /* StackApply Extension Extension (iOS) */,
				FF49039E303377A20037709A /* StackApply Extension Extension (macOS) */,
			);
		};
/* End PBXProject section */

/* Begin PBXResourcesBuildPhase section */
		FF490375303377A20037709A /* Resources */ = {
			isa = PBXResourcesBuildPhase;
			buildActionMask = 2147483647;
			files = (
				FF4903A7303377A20037709A /* Icon.png in Resources */,
				FF490380303377A20037709A /* LaunchScreen.storyboard in Resources */,
				FF4903A5303377A20037709A /* Main.html in Resources */,
				FF4903AB303377A20037709A /* Script.js in Resources */,
				FF4903AF303377A20037709A /* Assets.xcassets in Resources */,
				FF490383303377A20037709A /* Main.storyboard in Resources */,
				FF4903A9303377A20037709A /* Style.css in Resources */,
			);
			runOnlyForDeploymentPostprocessing = 0;
		};
		FF490387303377A20037709A /* Resources */ = {
			isa = PBXResourcesBuildPhase;
			buildActionMask = 2147483647;
			files = (
				FF4903A8303377A20037709A /* Icon.png in Resources */,
				FF4903AA303377A20037709A /* Style.css in Resources */,
				FF49038F303377A20037709A /* Main.storyboard in Resources */,
				FF4903AC303377A20037709A /* Script.js in Resources */,
				FF4903B0303377A20037709A /* Assets.xcassets in Resources */,
				FF4903A6303377A20037709A /* Main.html in Resources */,
			);
			runOnlyForDeploymentPostprocessing = 0;
		};
		FF490393303377A20037709A /* Resources */ = {
			isa = PBXResourcesBuildPhase;
			buildActionMask = 2147483647;
			files = (
				FF4903CF303377A20037709A /* content.js in Resources */,
				FF4903CC303377A20037709A /* popup.js in Resources */,
				FF4903CE303377A20037709A /* manifest.json in Resources */,
				FF4903CD303377A20037709A /* popup.html in Resources */,
			);
			runOnlyForDeploymentPostprocessing = 0;
		};
		FF49039D303377A20037709A /* Resources */ = {
			isa = PBXResourcesBuildPhase;
			buildActionMask = 2147483647;
			files = (
				FF4903CB303377A20037709A /* content.js in Resources */,
				FF4903C8303377A20037709A /* popup.js in Resources */,
				FF4903CA303377A20037709A /* manifest.json in Resources */,
				FF4903C9303377A20037709A /* popup.html in Resources */,
			);
			runOnlyForDeploymentPostprocessing = 0;
		};
/* End PBXResourcesBuildPhase section */

/* Begin PBXSourcesBuildPhase section */
		FF490373303377A20037709A /* Sources */ = {
			isa = PBXSourcesBuildPhase;
			buildActionMask = 2147483647;
			files = (
				FF4903AD303377A20037709A /* ViewController.swift in Sources */,
				FF49037B303377A20037709A /* AppDelegate.swift in Sources */,
				FF49037D303377A20037709A /* SceneDelegate.swift in Sources */,
			);
			runOnlyForDeploymentPostprocessing = 0;
		};
		FF490385303377A20037709A /* Sources */ = {
			isa = PBXSourcesBuildPhase;
			buildActionMask = 2147483647;
			files = (
				FF4903AE303377A20037709A /* ViewController.swift in Sources */,
				FF49038C303377A20037709A /* AppDelegate.swift in Sources */,
			);
			runOnlyForDeploymentPostprocessing = 0;
		};
		FF490391303377A20037709A /* Sources */ = {
			isa = PBXSourcesBuildPhase;
			buildActionMask = 2147483647;
			files = (
				FF4903B1303377A20037709A /* SafariWebExtensionHandler.swift in Sources */,
			);
			runOnlyForDeploymentPostprocessing = 0;
		};
		FF49039B303377A20037709A /* Sources */ = {
			isa = PBXSourcesBuildPhase;
			buildActionMask = 2147483647;
			files = (
				FF4903B2303377A20037709A /* SafariWebExtensionHandler.swift in Sources */,
			);
			runOnlyForDeploymentPostprocessing = 0;
		};
/* End PBXSourcesBuildPhase section */

/* Begin PBXTargetDependency section */
		FF490398303377A20037709A /* PBXTargetDependency */ = {
			isa = PBXTargetDependency;
			target = FF490394303377A20037709A /* StackApply Extension Extension (iOS) */;
			targetProxy = FF490397303377A20037709A /* PBXContainerItemProxy */;
		};
		FF4903A2303377A20037709A /* PBXTargetDependency */ = {
			isa = PBXTargetDependency;
			target = FF49039E303377A20037709A /* StackApply Extension Extension (macOS) */;
			targetProxy = FF4903A1303377A20037709A /* PBXContainerItemProxy */;
		};
/* End PBXTargetDependency section */

/* Begin PBXVariantGroup section */
		FF49036A303377A00037709A /* Main.html */ = {
			isa = PBXVariantGroup;
			children = (
				FF49036B303377A00037709A /* Base */,
			);
			name = Main.html;
			sourceTree = "<group>";
		};
		FF49037E303377A20037709A /* LaunchScreen.storyboard */ = {
			isa = PBXVariantGroup;
			children = (
				FF49037F303377A20037709A /* Base */,
			);
			name = LaunchScreen.storyboard;
			sourceTree = "<group>";
		};
		FF490381303377A20037709A /* Main.storyboard */ = {
			isa = PBXVariantGroup;
			children = (
				FF490382303377A20037709A /* Base */,
			);
			name = Main.storyboard;
			sourceTree = "<group>";
		};
		FF49038D303377A20037709A /* Main.storyboard */ = {
			isa = PBXVariantGroup;
			children = (
				FF49038E303377A20037709A /* Base */,
			);
			name = Main.storyboard;
			sourceTree = "<group>";
		};
/* End PBXVariantGroup section */

/* Begin XCBuildConfiguration section */
		FF4903B3303377A20037709A /* Debug */ = {
			isa = XCBuildConfiguration;
			buildSettings = {
				ALWAYS_SEARCH_USER_PATHS = NO;
				ASSETCATALOG_COMPILER_GENERATE_SWIFT_ASSET_SYMBOL_EXTENSIONS = YES;
				CLANG_ANALYZER_NONNULL = YES;
				CLANG_ANALYZER_NUMBER_OBJECT_CONVERSION = YES_AGGRESSIVE;
				CLANG_CXX_LANGUAGE_STANDARD = "gnu++20";
				CLANG_ENABLE_MODULES = YES;
				CLANG_ENABLE_OBJC_ARC = YES;
				CLANG_ENABLE_OBJC_WEAK = YES;
				CLANG_WARN_BLOCK_CAPTURE_AUTORELEASING = YES;
				CLANG_WARN_BOOL_CONVERSION = YES;
				CLANG_WARN_COMMA = YES;
				CLANG_WARN_CONSTANT_CONVERSION = YES;
				CLANG_WARN_DEPRECATED_OBJC_IMPLEMENTATIONS = YES;
				CLANG_WARN_DIRECT_OBJC_ISA_USAGE = YES_ERROR;
				CLANG_WARN_DOCUMENTATION_COMMENTS = YES;
				CLANG_WARN_EMPTY_BODY = YES;
				CLANG_WARN_ENUM_CONVERSION = YES;
				CLANG_WARN_INFINITE_RECURSION = YES;
				CLANG_WARN_INT_CONVERSION = YES;
				CLANG_WARN_NON_LITERAL_NULL_CONVERSION = YES;
				CLANG_WARN_OBJC_IMPLICIT_RETAIN_SELF = YES;
				CLANG_WARN_OBJC_LITERAL_CONVERSION = YES;
				CLANG_WARN_OBJC_ROOT_CLASS = YES_ERROR;
				CLANG_WARN_QUOTED_INCLUDE_IN_FRAMEWORK_HEADER = YES;
				CLANG_WARN_RANGE_LOOP_ANALYSIS = YES;
				CLANG_WARN_STRICT_PROTOTYPES = YES;
				CLANG_WARN_SUSPICIOUS_MOVE = YES;
				CLANG_WARN_UNGUARDED_AVAILABILITY = YES_AGGRESSIVE;
				CLANG_WARN_UNREACHABLE_CODE = YES;
				CLANG_WARN__DUPLICATE_METHOD_MATCH = YES;
				COPY_PHASE_STRIP = NO;
				DEBUG_INFORMATION_FORMAT = dwarf;
				ENABLE_STRICT_OBJC_MSGSEND = YES;
				ENABLE_TESTABILITY = YES;
				ENABLE_USER_SCRIPT_SANDBOXING = YES;
				GCC_C_LANGUAGE_STANDARD = gnu17;
				GCC_DYNAMIC_NO_PIC = NO;
				GCC_NO_COMMON_BLOCKS = YES;
				GCC_OPTIMIZATION_LEVEL = 0;
				GCC_PREPROCESSOR_DEFINITIONS = (
					"DEBUG=1",
					"$(inherited)",
				);
				GCC_WARN_64_TO_32_BIT_CONVERSION = YES;
				GCC_WARN_ABOUT_RETURN_TYPE = YES_ERROR;
				GCC_WARN_UNDECLARED_SELECTOR = YES;
				GCC_WARN_UNINITIALIZED_AUTOS = YES_AGGRESSIVE;
				GCC_WARN_UNUSED_FUNCTION = YES;
				GCC_WARN_UNUSED_VARIABLE = YES;
				LOCALIZATION_PREFERS_STRING_CATALOGS = YES;
				MTL_ENABLE_DEBUG_INFO = INCLUDE_SOURCE;
				MTL_FAST_MATH = YES;
				ONLY_ACTIVE_ARCH = YES;
				SWIFT_ACTIVE_COMPILATION_CONDITIONS = "DEBUG $(inherited)";
				SWIFT_OPTIMIZATION_LEVEL = "-Onone";
			};
			name = Debug;
		};
		FF4903B4303377A20037709A /* Release */ = {
			isa = XCBuildConfiguration;
			buildSettings = {
				ALWAYS_SEARCH_USER_PATHS = NO;
				ASSETCATALOG_COMPILER_GENERATE_SWIFT_ASSET_SYMBOL_EXTENSIONS = YES;
				CLANG_ANALYZER_NONNULL = YES;
				CLANG_ANALYZER_NUMBER_OBJECT_CONVERSION = YES_AGGRESSIVE;
				CLANG_CXX_LANGUAGE_STANDARD = "gnu++20";
				CLANG_ENABLE_MODULES = YES;
				CLANG_ENABLE_OBJC_ARC = YES;
				CLANG_ENABLE_OBJC_WEAK = YES;
				CLANG_WARN_BLOCK_CAPTURE_AUTORELEASING = YES;
				CLANG_WARN_BOOL_CONVERSION = YES;
				CLANG_WARN_COMMA = YES;
				CLANG_WARN_CONSTANT_CONVERSION = YES;
				CLANG_WARN_DEPRECATED_OBJC_IMPLEMENTATIONS = YES;
				CLANG_WARN_DIRECT_OBJC_ISA_USAGE = YES_ERROR;
				CLANG_WARN_DOCUMENTATION_COMMENTS = YES;
				CLANG_WARN_EMPTY_BODY = YES;
				CLANG_WARN_ENUM_CONVERSION = YES;
				CLANG_WARN_INFINITE_RECURSION = YES;
				CLANG_WARN_INT_CONVERSION = YES;
				CLANG_WARN_NON_LITERAL_NULL_CONVERSION = YES;
				CLANG_WARN_OBJC_IMPLICIT_RETAIN_SELF = YES;
				CLANG_WARN_OBJC_LITERAL_CONVERSION = YES;
				CLANG_WARN_OBJC_ROOT_CLASS = YES_ERROR;
				CLANG_WARN_QUOTED_INCLUDE_IN_FRAMEWORK_HEADER = YES;
				CLANG_WARN_RANGE_LOOP_ANALYSIS = YES;
				CLANG_WARN_STRICT_PROTOTYPES = YES;
				CLANG_WARN_SUSPICIOUS_MOVE = YES;
				CLANG_WARN_UNGUARDED_AVAILABILITY = YES_AGGRESSIVE;
				CLANG_WARN_UNREACHABLE_CODE = YES;
				CLANG_WARN__DUPLICATE_METHOD_MATCH = YES;
				COPY_PHASE_STRIP = NO;
				DEBUG_INFORMATION_FORMAT = "dwarf-with-dsym";
				ENABLE_NS_ASSERTIONS = NO;
				ENABLE_STRICT_OBJC_MSGSEND = YES;
				ENABLE_USER_SCRIPT_SANDBOXING = YES;
				GCC_C_LANGUAGE_STANDARD = gnu17;
				GCC_NO_COMMON_BLOCKS = YES;
				GCC_WARN_64_TO_32_BIT_CONVERSION = YES;
				GCC_WARN_ABOUT_RETURN_TYPE = YES_ERROR;
				GCC_WARN_UNDECLARED_SELECTOR = YES;
				GCC_WARN_UNINITIALIZED_AUTOS = YES_AGGRESSIVE;
				GCC_WARN_UNUSED_FUNCTION = YES;
				GCC_WARN_UNUSED_VARIABLE = YES;
				LOCALIZATION_PREFERS_STRING_CATALOGS = YES;
				MTL_ENABLE_DEBUG_INFO = NO;
				MTL_FAST_MATH = YES;
				SWIFT_COMPILATION_MODE = wholemodule;
			};
			name = Release;
		};
		FF4903B6303377A20037709A /* Debug */ = {
			isa = XCBuildConfiguration;
			buildSettings = {
				CODE_SIGN_STYLE = Automatic;
				CURRENT_PROJECT_VERSION = 1;
				GENERATE_INFOPLIST_FILE = YES;
				INFOPLIST_FILE = "iOS (Extension)/Info.plist";
				INFOPLIST_KEY_CFBundleDisplayName = "StackApply Extension Extension";
				INFOPLIST_KEY_NSHumanReadableCopyright = "";
				IPHONEOS_DEPLOYMENT_TARGET = 15.0;
				LD_RUNPATH_SEARCH_PATHS = (
					"$(inherited)",
					"@executable_path/Frameworks",
					"@executable_path/../../Frameworks",
				);
				MARKETING_VERSION = 1.0;
				OTHER_LDFLAGS = (
					"-framework",
					SafariServices,
				);
				PRODUCT_BUNDLE_IDENTIFIER = "com.yourCompany.StackApply-Extension.Extension";
				PRODUCT_NAME = "StackApply Extension Extension";
				SDKROOT = iphoneos;
				SKIP_INSTALL = YES;
				STRING_CATALOG_GENERATE_SYMBOLS = YES;
				SWIFT_APPROACHABLE_CONCURRENCY = YES;
				SWIFT_EMIT_LOC_STRINGS = YES;
				SWIFT_UPCOMING_FEATURE_MEMBER_IMPORT_VISIBILITY = YES;
				SWIFT_VERSION = 5.0;
				TARGETED_DEVICE_FAMILY = "1,2";
			};
			name = Debug;
		};
		FF4903B7303377A20037709A /* Release */ = {
			isa = XCBuildConfiguration;
			buildSettings = {
				CODE_SIGN_STYLE = Automatic;
				CURRENT_PROJECT_VERSION = 1;
				GENERATE_INFOPLIST_FILE = YES;
				INFOPLIST_FILE = "iOS (Extension)/Info.plist";
				INFOPLIST_KEY_CFBundleDisplayName = "StackApply Extension Extension";
				INFOPLIST_KEY_NSHumanReadableCopyright = "";
				IPHONEOS_DEPLOYMENT_TARGET = 15.0;
				LD_RUNPATH_SEARCH_PATHS = (
					"$(inherited)",
					"@executable_path/Frameworks",
					"@executable_path/../../Frameworks",
				);
				MARKETING_VERSION = 1.0;
				OTHER_LDFLAGS = (
					"-framework",
					SafariServices,
				);
				PRODUCT_BUNDLE_IDENTIFIER = "com.yourCompany.StackApply-Extension.Extension";
				PRODUCT_NAME = "StackApply Extension Extension";
				SDKROOT = iphoneos;
				SKIP_INSTALL = YES;
				STRING_CATALOG_GENERATE_SYMBOLS = YES;
				SWIFT_APPROACHABLE_CONCURRENCY = YES;
				SWIFT_EMIT_LOC_STRINGS = YES;
				SWIFT_UPCOMING_FEATURE_MEMBER_IMPORT_VISIBILITY = YES;
				SWIFT_VERSION = 5.0;
				TARGETED_DEVICE_FAMILY = "1,2";
				VALIDATE_PRODUCT = YES;
			};
			name = Release;
		};
		FF4903BA303377A20037709A /* Debug */ = {
			isa = XCBuildConfiguration;
			buildSettings = {
				ASSETCATALOG_COMPILER_APPICON_NAME = AppIcon;
				ASSETCATALOG_COMPILER_GLOBAL_ACCENT_COLOR_NAME = AccentColor;
				CODE_SIGN_STYLE = Automatic;
				CURRENT_PROJECT_VERSION = 1;
				GENERATE_INFOPLIST_FILE = YES;
				INFOPLIST_FILE = "iOS (App)/Info.plist";
				INFOPLIST_KEY_CFBundleDisplayName = "StackApply Extension";
				INFOPLIST_KEY_UIApplicationSupportsIndirectInputEvents = YES;
				INFOPLIST_KEY_UILaunchStoryboardName = LaunchScreen;
				INFOPLIST_KEY_UIMainStoryboardFile = Main;
				INFOPLIST_KEY_UISupportedInterfaceOrientations = "UIInterfaceOrientationPortrait UIInterfaceOrientationLandscapeLeft UIInterfaceOrientationLandscapeRight";
				INFOPLIST_KEY_UISupportedInterfaceOrientations_iPad = "UIInterfaceOrientationPortrait UIInterfaceOrientationPortraitUpsideDown UIInterfaceOrientationLandscapeLeft UIInterfaceOrientationLandscapeRight";
				IPHONEOS_DEPLOYMENT_TARGET = 15.0;
				LD_RUNPATH_SEARCH_PATHS = (
					"$(inherited)",
					"@executable_path/Frameworks",
				);
				MARKETING_VERSION = 1.0;
				OTHER_LDFLAGS = (
					"-framework",
					SafariServices,
					"-framework",
					WebKit,
				);
				PRODUCT_BUNDLE_IDENTIFIER = "com.yourCompany.StackApply-Extension";
				PRODUCT_NAME = "StackApply Extension";
				SDKROOT = iphoneos;
				STRING_CATALOG_GENERATE_SYMBOLS = YES;
				SWIFT_APPROACHABLE_CONCURRENCY = YES;
				SWIFT_DEFAULT_ACTOR_ISOLATION = MainActor;
				SWIFT_EMIT_LOC_STRINGS = YES;
				SWIFT_UPCOMING_FEATURE_MEMBER_IMPORT_VISIBILITY = YES;
				SWIFT_VERSION = 5.0;
				TARGETED_DEVICE_FAMILY = "1,2";
			};
			name = Debug;
		};
		FF4903BB303377A20037709A /* Release */ = {
			isa = XCBuildConfiguration;
			buildSettings = {
				ASSETCATALOG_COMPILER_APPICON_NAME = AppIcon;
				ASSETCATALOG_COMPILER_GLOBAL_ACCENT_COLOR_NAME = AccentColor;
				CODE_SIGN_STYLE = Automatic;
				CURRENT_PROJECT_VERSION = 1;
				GENERATE_INFOPLIST_FILE = YES;
				INFOPLIST_FILE = "iOS (App)/Info.plist";
				INFOPLIST_KEY_CFBundleDisplayName = "StackApply Extension";
				INFOPLIST_KEY_UIApplicationSupportsIndirectInputEvents = YES;
				INFOPLIST_KEY_UILaunchStoryboardName = LaunchScreen;
				INFOPLIST_KEY_UIMainStoryboardFile = Main;
				INFOPLIST_KEY_UISupportedInterfaceOrientations = "UIInterfaceOrientationPortrait UIInterfaceOrientationLandscapeLeft UIInterfaceOrientationLandscapeRight";
				INFOPLIST_KEY_UISupportedInterfaceOrientations_iPad = "UIInterfaceOrientationPortrait UIInterfaceOrientationPortraitUpsideDown UIInterfaceOrientationLandscapeLeft UIInterfaceOrientationLandscapeRight";
				IPHONEOS_DEPLOYMENT_TARGET = 15.0;
				LD_RUNPATH_SEARCH_PATHS = (
					"$(inherited)",
					"@executable_path/Frameworks",
				);
				MARKETING_VERSION = 1.0;
				OTHER_LDFLAGS = (
					"-framework",
					SafariServices,
					"-framework",
					WebKit,
				);
				PRODUCT_BUNDLE_IDENTIFIER = "com.yourCompany.StackApply-Extension";
				PRODUCT_NAME = "StackApply Extension";
				SDKROOT = iphoneos;
				STRING_CATALOG_GENERATE_SYMBOLS = YES;
				SWIFT_APPROACHABLE_CONCURRENCY = YES;
				SWIFT_DEFAULT_ACTOR_ISOLATION = MainActor;
				SWIFT_EMIT_LOC_STRINGS = YES;
				SWIFT_UPCOMING_FEATURE_MEMBER_IMPORT_VISIBILITY = YES;
				SWIFT_VERSION = 5.0;
				TARGETED_DEVICE_FAMILY = "1,2";
				VALIDATE_PRODUCT = YES;
			};
			name = Release;
		};
		FF4903BD303377A20037709A /* Debug */ = {
			isa = XCBuildConfiguration;
			buildSettings = {
				CODE_SIGN_STYLE = Automatic;
				CURRENT_PROJECT_VERSION = 1;
				ENABLE_APP_SANDBOX = YES;
				ENABLE_HARDENED_RUNTIME = YES;
				ENABLE_USER_SELECTED_FILES = readonly;
				GENERATE_INFOPLIST_FILE = YES;
				INFOPLIST_FILE = "macOS (Extension)/Info.plist";
				INFOPLIST_KEY_CFBundleDisplayName = "StackApply Extension Extension";
				INFOPLIST_KEY_NSHumanReadableCopyright = "";
				LD_RUNPATH_SEARCH_PATHS = (
					"$(inherited)",
					"@executable_path/../Frameworks",
					"@executable_path/../../../../Frameworks",
				);
				MACOSX_DEPLOYMENT_TARGET = 10.14;
				MARKETING_VERSION = 1.0;
				OTHER_LDFLAGS = (
					"-framework",
					SafariServices,
				);
				PRODUCT_BUNDLE_IDENTIFIER = "com.yourCompany.StackApply-Extension.Extension";
				PRODUCT_NAME = "StackApply Extension Extension";
				SDKROOT = macosx;
				SKIP_INSTALL = YES;
				STRING_CATALOG_GENERATE_SYMBOLS = YES;
				SWIFT_APPROACHABLE_CONCURRENCY = YES;
				SWIFT_EMIT_LOC_STRINGS = YES;
				SWIFT_UPCOMING_FEATURE_MEMBER_IMPORT_VISIBILITY = YES;
				SWIFT_VERSION = 5.0;
			};
			name = Debug;
		};
		FF4903BE303377A20037709A /* Release */ = {
			isa = XCBuildConfiguration;
			buildSettings = {
				CODE_SIGN_STYLE = Automatic;
				CURRENT_PROJECT_VERSION = 1;
				ENABLE_APP_SANDBOX = YES;
				ENABLE_HARDENED_RUNTIME = YES;
				ENABLE_USER_SELECTED_FILES = readonly;
				GENERATE_INFOPLIST_FILE = YES;
				INFOPLIST_FILE = "macOS (Extension)/Info.plist";
				INFOPLIST_KEY_CFBundleDisplayName = "StackApply Extension Extension";
				INFOPLIST_KEY_NSHumanReadableCopyright = "";
				LD_RUNPATH_SEARCH_PATHS = (
					"$(inherited)",
					"@executable_path/../Frameworks",
					"@executable_path/../../../../Frameworks",
				);
				MACOSX_DEPLOYMENT_TARGET = 10.14;
				MARKETING_VERSION = 1.0;
				OTHER_LDFLAGS = (
					"-framework",
					SafariServices,
				);
				PRODUCT_BUNDLE_IDENTIFIER = "com.yourCompany.StackApply-Extension.Extension";
				PRODUCT_NAME = "StackApply Extension Extension";
				SDKROOT = macosx;
				SKIP_INSTALL = YES;
				STRING_CATALOG_GENERATE_SYMBOLS = YES;
				SWIFT_APPROACHABLE_CONCURRENCY = YES;
				SWIFT_EMIT_LOC_STRINGS = YES;
				SWIFT_UPCOMING_FEATURE_MEMBER_IMPORT_VISIBILITY = YES;
				SWIFT_VERSION = 5.0;
			};
			name = Release;
		};
		FF4903C1303377A20037709A /* Debug */ = {
			isa = XCBuildConfiguration;
			buildSettings = {
				ASSETCATALOG_COMPILER_APPICON_NAME = AppIcon;
				ASSETCATALOG_COMPILER_GLOBAL_ACCENT_COLOR_NAME = AccentColor;
				CODE_SIGN_STYLE = Automatic;
				CURRENT_PROJECT_VERSION = 1;
				ENABLE_APP_SANDBOX = YES;
				ENABLE_HARDENED_RUNTIME = YES;
				ENABLE_OUTGOING_NETWORK_CONNECTIONS = YES;
				ENABLE_USER_SELECTED_FILES = readonly;
				GENERATE_INFOPLIST_FILE = YES;
				INFOPLIST_FILE = "macOS (App)/Info.plist";
				INFOPLIST_KEY_CFBundleDisplayName = "StackApply Extension";
				INFOPLIST_KEY_NSMainStoryboardFile = Main;
				INFOPLIST_KEY_NSPrincipalClass = NSApplication;
				LD_RUNPATH_SEARCH_PATHS = (
					"$(inherited)",
					"@executable_path/../Frameworks",
				);
				MACOSX_DEPLOYMENT_TARGET = 10.14;
				MARKETING_VERSION = 1.0;
				OTHER_LDFLAGS = (
					"-framework",
					SafariServices,
					"-framework",
					WebKit,
				);
				PRODUCT_BUNDLE_IDENTIFIER = "com.yourCompany.StackApply-Extension";
				PRODUCT_NAME = "StackApply Extension";
				REGISTER_APP_GROUPS = YES;
				SDKROOT = macosx;
				STRING_CATALOG_GENERATE_SYMBOLS = YES;
				SWIFT_APPROACHABLE_CONCURRENCY = YES;
				SWIFT_DEFAULT_ACTOR_ISOLATION = MainActor;
				SWIFT_EMIT_LOC_STRINGS = YES;
				SWIFT_UPCOMING_FEATURE_MEMBER_IMPORT_VISIBILITY = YES;
				SWIFT_VERSION = 5.0;
			};
			name = Debug;
		};
		FF4903C2303377A20037709A /* Release */ = {
			isa = XCBuildConfiguration;
			buildSettings = {
				ASSETCATALOG_COMPILER_APPICON_NAME = AppIcon;
				ASSETCATALOG_COMPILER_GLOBAL_ACCENT_COLOR_NAME = AccentColor;
				CODE_SIGN_STYLE = Automatic;
				CURRENT_PROJECT_VERSION = 1;
				ENABLE_APP_SANDBOX = YES;
				ENABLE_HARDENED_RUNTIME = YES;
				ENABLE_OUTGOING_NETWORK_CONNECTIONS = YES;
				ENABLE_USER_SELECTED_FILES = readonly;
				GENERATE_INFOPLIST_FILE = YES;
				INFOPLIST_FILE = "macOS (App)/Info.plist";
				INFOPLIST_KEY_CFBundleDisplayName = "StackApply Extension";
				INFOPLIST_KEY_NSMainStoryboardFile = Main;
				INFOPLIST_KEY_NSPrincipalClass = NSApplication;
				LD_RUNPATH_SEARCH_PATHS = (
					"$(inherited)",
					"@executable_path/../Frameworks",
				);
				MACOSX_DEPLOYMENT_TARGET = 10.14;
				MARKETING_VERSION = 1.0;
				OTHER_LDFLAGS = (
					"-framework",
					SafariServices,
					"-framework",
					WebKit,
				);
				PRODUCT_BUNDLE_IDENTIFIER = "com.yourCompany.StackApply-Extension";
				PRODUCT_NAME = "StackApply Extension";
				REGISTER_APP_GROUPS = YES;
				SDKROOT = macosx;
				STRING_CATALOG_GENERATE_SYMBOLS = YES;
				SWIFT_APPROACHABLE_CONCURRENCY = YES;
				SWIFT_DEFAULT_ACTOR_ISOLATION = MainActor;
				SWIFT_EMIT_LOC_STRINGS = YES;
				SWIFT_UPCOMING_FEATURE_MEMBER_IMPORT_VISIBILITY = YES;
				SWIFT_VERSION = 5.0;
			};
			name = Release;
		};
/* End XCBuildConfiguration section */

/* Begin XCConfigurationList section */
		FF490367303377A00037709A /* Build configuration list for PBXProject "StackApply Extension" */ = {
			isa = XCConfigurationList;
			buildConfigurations = (
				FF4903B3303377A20037709A /* Debug */,
				FF4903B4303377A20037709A /* Release */,
			);
			defaultConfigurationIsVisible = 0;
			defaultConfigurationName = Release;
		};
		FF4903B5303377A20037709A /* Build configuration list for PBXNativeTarget "StackApply Extension Extension (iOS)" */ = {
			isa = XCConfigurationList;
			buildConfigurations = (
				FF4903B6303377A20037709A /* Debug */,
				FF4903B7303377A20037709A /* Release */,
			);
			defaultConfigurationIsVisible = 0;
			defaultConfigurationName = Release;
		};
		FF4903B9303377A20037709A /* Build configuration list for PBXNativeTarget "StackApply Extension (iOS)" */ = {
			isa = XCConfigurationList;
			buildConfigurations = (
				FF4903BA303377A20037709A /* Debug */,
				FF4903BB303377A20037709A /* Release */,
			);
			defaultConfigurationIsVisible = 0;
			defaultConfigurationName = Release;
		};
		FF4903BC303377A20037709A /* Build configuration list for PBXNativeTarget "StackApply Extension Extension (macOS)" */ = {
			isa = XCConfigurationList;
			buildConfigurations = (
				FF4903BD303377A20037709A /* Debug */,
				FF4903BE303377A20037709A /* Release */,
			);
			defaultConfigurationIsVisible = 0;
			defaultConfigurationName = Release;
		};
		FF4903C0303377A20037709A /* Build configuration list for PBXNativeTarget "StackApply Extension (macOS)" */ = {
			isa = XCConfigurationList;
			buildConfigurations = (
				FF4903C1303377A20037709A /* Debug */,
				FF4903C2303377A20037709A /* Release */,
			);
			defaultConfigurationIsVisible = 0;
			defaultConfigurationName = Release;
		};
/* End XCConfigurationList section */
	};
	rootObject = FF490364303377A00037709A /* Project object */;
}
