// !$*UTF8*$!
{
	archiveVersion = 1;
	classes = {
	};
	objectVersion = 77;
	objects = {

/* Begin PBXBuildFile section */
		FF4A30323033A454003DFCA1 /* AppDelegate.swift in Sources */ = {isa = PBXBuildFile; fileRef = FF4A30313033A454003DFCA1 /* AppDelegate.swift */; };
		FF4A30343033A454003DFCA1 /* SceneDelegate.swift in Sources */ = {isa = PBXBuildFile; fileRef = FF4A30333033A454003DFCA1 /* SceneDelegate.swift */; };
		FF4A30373033A454003DFCA1 /* LaunchScreen.storyboard in Resources */ = {isa = PBXBuildFile; fileRef = FF4A30353033A454003DFCA1 /* LaunchScreen.storyboard */; };
		FF4A303A3033A454003DFCA1 /* Main.storyboard in Resources */ = {isa = PBXBuildFile; fileRef = FF4A30383033A454003DFCA1 /* Main.storyboard */; };
		FF4A30433033A454003DFCA1 /* AppDelegate.swift in Sources */ = {isa = PBXBuildFile; fileRef = FF4A30423033A454003DFCA1 /* AppDelegate.swift */; };
		FF4A30463033A454003DFCA1 /* Main.storyboard in Resources */ = {isa = PBXBuildFile; fileRef = FF4A30443033A454003DFCA1 /* Main.storyboard */; };
		FF4A304D3033A454003DFCA1 /* StackApply Extension Extension.appex in Embed Foundation Extensions */ = {isa = PBXBuildFile; fileRef = FF4A304C3033A454003DFCA1 /* StackApply Extension Extension.appex */; settings = {ATTRIBUTES = (RemoveHeadersOnCopy, ); }; };
		FF4A30573033A454003DFCA1 /* StackApply Extension Extension.appex in Embed Foundation Extensions */ = {isa = PBXBuildFile; fileRef = FF4A30563033A454003DFCA1 /* StackApply Extension Extension.appex */; settings = {ATTRIBUTES = (RemoveHeadersOnCopy, ); }; };
		FF4A305C3033A454003DFCA1 /* Main.html in Resources */ = {isa = PBXBuildFile; fileRef = FF4A30213033A452003DFCA1 /* Main.html */; };
		FF4A305D3033A454003DFCA1 /* Main.html in Resources */ = {isa = PBXBuildFile; fileRef = FF4A30213033A452003DFCA1 /* Main.html */; };
		FF4A305E3033A454003DFCA1 /* Icon.png in Resources */ = {isa = PBXBuildFile; fileRef = FF4A30233033A452003DFCA1 /* Icon.png */; };
		FF4A305F3033A454003DFCA1 /* Icon.png in Resources */ = {isa = PBXBuildFile; fileRef = FF4A30233033A452003DFCA1 /* Icon.png */; };
		FF4A30603033A454003DFCA1 /* Style.css in Resources */ = {isa = PBXBuildFile; fileRef = FF4A30243033A452003DFCA1 /* Style.css */; };
		FF4A30613033A454003DFCA1 /* Style.css in Resources */ = {isa = PBXBuildFile; fileRef = FF4A30243033A452003DFCA1 /* Style.css */; };
		FF4A30623033A454003DFCA1 /* Script.js in Resources */ = {isa = PBXBuildFile; fileRef = FF4A30253033A452003DFCA1 /* Script.js */; };
		FF4A30633033A454003DFCA1 /* Script.js in Resources */ = {isa = PBXBuildFile; fileRef = FF4A30253033A452003DFCA1 /* Script.js */; };
		FF4A30643033A454003DFCA1 /* ViewController.swift in Sources */ = {isa = PBXBuildFile; fileRef = FF4A30263033A453003DFCA1 /* ViewController.swift */; };
		FF4A30653033A454003DFCA1 /* ViewController.swift in Sources */ = {isa = PBXBuildFile; fileRef = FF4A30263033A453003DFCA1 /* ViewController.swift */; };
		FF4A30663033A454003DFCA1 /* Assets.xcassets in Resources */ = {isa = PBXBuildFile; fileRef = FF4A30273033A454003DFCA1 /* Assets.xcassets */; };
		FF4A30673033A454003DFCA1 /* Assets.xcassets in Resources */ = {isa = PBXBuildFile; fileRef = FF4A30273033A454003DFCA1 /* Assets.xcassets */; };
		FF4A30683033A454003DFCA1 /* SafariWebExtensionHandler.swift in Sources */ = {isa = PBXBuildFile; fileRef = FF4A30293033A454003DFCA1 /* SafariWebExtensionHandler.swift */; };
		FF4A30693033A454003DFCA1 /* SafariWebExtensionHandler.swift in Sources */ = {isa = PBXBuildFile; fileRef = FF4A30293033A454003DFCA1 /* SafariWebExtensionHandler.swift */; };
		FF4A307F3033A454003DFCA1 /* popup.js in Resources */ = {isa = PBXBuildFile; fileRef = FF4A307B3033A454003DFCA1 /* popup.js */; };
		FF4A30803033A454003DFCA1 /* popup.html in Resources */ = {isa = PBXBuildFile; fileRef = FF4A307C3033A454003DFCA1 /* popup.html */; };
		FF4A30813033A454003DFCA1 /* manifest.json in Resources */ = {isa = PBXBuildFile; fileRef = FF4A307D3033A454003DFCA1 /* manifest.json */; };
		FF4A30823033A454003DFCA1 /* content.js in Resources */ = {isa = PBXBuildFile; fileRef = FF4A307E3033A454003DFCA1 /* content.js */; };
		FF4A30833033A454003DFCA1 /* popup.js in Resources */ = {isa = PBXBuildFile; fileRef = FF4A307B3033A454003DFCA1 /* popup.js */; };
		FF4A30843033A454003DFCA1 /* popup.html in Resources */ = {isa = PBXBuildFile; fileRef = FF4A307C3033A454003DFCA1 /* popup.html */; };
		FF4A30853033A454003DFCA1 /* manifest.json in Resources */ = {isa = PBXBuildFile; fileRef = FF4A307D3033A454003DFCA1 /* manifest.json */; };
		FF4A30863033A454003DFCA1 /* content.js in Resources */ = {isa = PBXBuildFile; fileRef = FF4A307E3033A454003DFCA1 /* content.js */; };
/* End PBXBuildFile section */

/* Begin PBXContainerItemProxy section */
		FF4A304E3033A454003DFCA1 /* PBXContainerItemProxy */ = {
			isa = PBXContainerItemProxy;
			containerPortal = FF4A301B3033A452003DFCA1 /* Project object */;
			proxyType = 1;
			remoteGlobalIDString = FF4A304B3033A454003DFCA1;
			remoteInfo = "StackApply Extension Extension (iOS)";
		};
		FF4A30583033A454003DFCA1 /* PBXContainerItemProxy */ = {
			isa = PBXContainerItemProxy;
			containerPortal = FF4A301B3033A452003DFCA1 /* Project object */;
			proxyType = 1;
			remoteGlobalIDString = FF4A30553033A454003DFCA1;
			remoteInfo = "StackApply Extension Extension (macOS)";
		};
/* End PBXContainerItemProxy section */

/* Begin PBXCopyFilesBuildPhase section */
		FF4A306F3033A454003DFCA1 /* Embed Foundation Extensions */ = {
			isa = PBXCopyFilesBuildPhase;
			buildActionMask = 2147483647;
			dstPath = "";
			dstSubfolderSpec = 13;
			files = (
				FF4A304D3033A454003DFCA1 /* StackApply Extension Extension.appex in Embed Foundation Extensions */,
			);
			name = "Embed Foundation Extensions";
			runOnlyForDeploymentPostprocessing = 0;
		};
		FF4A30763033A454003DFCA1 /* Embed Foundation Extensions */ = {
			isa = PBXCopyFilesBuildPhase;
			buildActionMask = 2147483647;
			dstPath = "";
			dstSubfolderSpec = 13;
			files = (
				FF4A30573033A454003DFCA1 /* StackApply Extension Extension.appex in Embed Foundation Extensions */,
			);
			name = "Embed Foundation Extensions";
			runOnlyForDeploymentPostprocessing = 0;
		};
/* End PBXCopyFilesBuildPhase section */

/* Begin PBXFileReference section */
		FF4A30223033A452003DFCA1 /* Base */ = {isa = PBXFileReference; lastKnownFileType = text.html; name = Base; path = Base.lproj/Main.html; sourceTree = "<group>"; };
		FF4A30233033A452003DFCA1 /* Icon.png */ = {isa = PBXFileReference; lastKnownFileType = image.png; path = Icon.png; sourceTree = "<group>"; };
		FF4A30243033A452003DFCA1 /* Style.css */ = {isa = PBXFileReference; lastKnownFileType = text.css; path = Style.css; sourceTree = "<group>"; };
		FF4A30253033A452003DFCA1 /* Script.js */ = {isa = PBXFileReference; lastKnownFileType = sourcecode.javascript; path = Script.js; sourceTree = "<group>"; };
		FF4A30263033A453003DFCA1 /* ViewController.swift */ = {isa = PBXFileReference; lastKnownFileType = sourcecode.swift; path = ViewController.swift; sourceTree = "<group>"; };
		FF4A30273033A454003DFCA1 /* Assets.xcassets */ = {isa = PBXFileReference; lastKnownFileType = folder.assetcatalog; path = Assets.xcassets; sourceTree = "<group>"; };
		FF4A30293033A454003DFCA1 /* SafariWebExtensionHandler.swift */ = {isa = PBXFileReference; lastKnownFileType = sourcecode.swift; path = SafariWebExtensionHandler.swift; sourceTree = "<group>"; };
		FF4A302E3033A454003DFCA1 /* StackApply Extension.app */ = {isa = PBXFileReference; explicitFileType = wrapper.application; includeInIndex = 0; path = "StackApply Extension.app"; sourceTree = BUILT_PRODUCTS_DIR; };
		FF4A30313033A454003DFCA1 /* AppDelegate.swift */ = {isa = PBXFileReference; lastKnownFileType = sourcecode.swift; path = AppDelegate.swift; sourceTree = "<group>"; };
		FF4A30333033A454003DFCA1 /* SceneDelegate.swift */ = {isa = PBXFileReference; lastKnownFileType = sourcecode.swift; path = SceneDelegate.swift; sourceTree = "<group>"; };
		FF4A30363033A454003DFCA1 /* Base */ = {isa = PBXFileReference; lastKnownFileType = file.storyboard; name = Base; path = Base.lproj/LaunchScreen.storyboard; sourceTree = "<group>"; };
		FF4A30393033A454003DFCA1 /* Base */ = {isa = PBXFileReference; lastKnownFileType = file.storyboard; name = Base; path = Base.lproj/Main.storyboard; sourceTree = "<group>"; };
		FF4A303B3033A454003DFCA1 /* Info.plist */ = {isa = PBXFileReference; lastKnownFileType = text.plist.xml; path = Info.plist; sourceTree = "<group>"; };
		FF4A30403033A454003DFCA1 /* StackApply Extension.app */ = {isa = PBXFileReference; explicitFileType = wrapper.application; includeInIndex = 0; path = "StackApply Extension.app"; sourceTree = BUILT_PRODUCTS_DIR; };
		FF4A30423033A454003DFCA1 /* AppDelegate.swift */ = {isa = PBXFileReference; lastKnownFileType = sourcecode.swift; path = AppDelegate.swift; sourceTree = "<group>"; };
		FF4A30453033A454003DFCA1 /* Base */ = {isa = PBXFileReference; lastKnownFileType = file.storyboard; name = Base; path = Base.lproj/Main.storyboard; sourceTree = "<group>"; };
		FF4A30473033A454003DFCA1 /* Info.plist */ = {isa = PBXFileReference; lastKnownFileType = text.plist.xml; path = Info.plist; sourceTree = "<group>"; };
		FF4A304C3033A454003DFCA1 /* StackApply Extension Extension.appex */ = {isa = PBXFileReference; explicitFileType = "wrapper.app-extension"; includeInIndex = 0; path = "StackApply Extension Extension.appex"; sourceTree = BUILT_PRODUCTS_DIR; };
		FF4A30513033A454003DFCA1 /* Info.plist */ = {isa = PBXFileReference; lastKnownFileType = text.plist.xml; path = Info.plist; sourceTree = "<group>"; };
		FF4A30563033A454003DFCA1 /* StackApply Extension Extension.appex */ = {isa = PBXFileReference; explicitFileType = "wrapper.app-extension"; includeInIndex = 0; path = "StackApply Extension Extension.appex"; sourceTree = BUILT_PRODUCTS_DIR; };
		FF4A305B3033A454003DFCA1 /* Info.plist */ = {isa = PBXFileReference; lastKnownFileType = text.plist.xml; path = Info.plist; sourceTree = "<group>"; };
		FF4A307B3033A454003DFCA1 /* popup.js */ = {isa = PBXFileReference; lastKnownFileType = sourcecode.javascript; name = popup.js; path = ../../../extension/popup.js; sourceTree = "<group>"; };
		FF4A307C3033A454003DFCA1 /* popup.html */ = {isa = PBXFileReference; lastKnownFileType = text.html; name = popup.html; path = ../../../extension/popup.html; sourceTree = "<group>"; };
		FF4A307D3033A454003DFCA1 /* manifest.json */ = {isa = PBXFileReference; lastKnownFileType = text.json; name = manifest.json; path = ../../../extension/manifest.json; sourceTree = "<group>"; };
		FF4A307E3033A454003DFCA1 /* content.js */ = {isa = PBXFileReference; lastKnownFileType = sourcecode.javascript; name = content.js; path = ../../../extension/content.js; sourceTree = "<group>"; };
/* End PBXFileReference section */

/* Begin PBXFrameworksBuildPhase section */
		FF4A302B3033A454003DFCA1 /* Frameworks */ = {
			isa = PBXFrameworksBuildPhase;
			buildActionMask = 2147483647;
			files = (
			);
			runOnlyForDeploymentPostprocessing = 0;
		};
		FF4A303D3033A454003DFCA1 /* Frameworks */ = {
			isa = PBXFrameworksBuildPhase;
			buildActionMask = 2147483647;
			files = (
			);
			runOnlyForDeploymentPostprocessing = 0;
		};
		FF4A30493033A454003DFCA1 /* Frameworks */ = {
			isa = PBXFrameworksBuildPhase;
			buildActionMask = 2147483647;
			files = (
			);
			runOnlyForDeploymentPostprocessing = 0;
		};
		FF4A30533033A454003DFCA1 /* Frameworks */ = {
			isa = PBXFrameworksBuildPhase;
			buildActionMask = 2147483647;
			files = (
			);
			runOnlyForDeploymentPostprocessing = 0;
		};
/* End PBXFrameworksBuildPhase section */

/* Begin PBXGroup section */
		FF4A301A3033A452003DFCA1 = {
			isa = PBXGroup;
			children = (
				FF4A301F3033A452003DFCA1 /* Shared (App) */,
				FF4A30283033A454003DFCA1 /* Shared (Extension) */,
				FF4A30303033A454003DFCA1 /* iOS (App) */,
				FF4A30413033A454003DFCA1 /* macOS (App) */,
				FF4A30503033A454003DFCA1 /* iOS (Extension) */,
				FF4A305A3033A454003DFCA1 /* macOS (Extension) */,
				FF4A302F3033A454003DFCA1 /* Products */,
			);
			sourceTree = "<group>";
		};
		FF4A301F3033A452003DFCA1 /* Shared (App) */ = {
			isa = PBXGroup;
			children = (
				FF4A30263033A453003DFCA1 /* ViewController.swift */,
				FF4A30273033A454003DFCA1 /* Assets.xcassets */,
				FF4A30203033A452003DFCA1 /* Resources */,
			);
			path = "Shared (App)";
			sourceTree = "<group>";
		};
		FF4A30203033A452003DFCA1 /* Resources */ = {
			isa = PBXGroup;
			children = (
				FF4A30213033A452003DFCA1 /* Main.html */,
				FF4A30233033A452003DFCA1 /* Icon.png */,
				FF4A30243033A452003DFCA1 /* Style.css */,
				FF4A30253033A452003DFCA1 /* Script.js */,
			);
			path = Resources;
			sourceTree = "<group>";
		};
		FF4A30283033A454003DFCA1 /* Shared (Extension) */ = {
			isa = PBXGroup;
			children = (
				FF4A307A3033A454003DFCA1 /* Resources */,
				FF4A30293033A454003DFCA1 /* SafariWebExtensionHandler.swift */,
			);
			path = "Shared (Extension)";
			sourceTree = "<group>";
		};
		FF4A302F3033A454003DFCA1 /* Products */ = {
			isa = PBXGroup;
			children = (
				FF4A302E3033A454003DFCA1 /* StackApply Extension.app */,
				FF4A30403033A454003DFCA1 /* StackApply Extension.app */,
				FF4A304C3033A454003DFCA1 /* StackApply Extension Extension.appex */,
				FF4A30563033A454003DFCA1 /* StackApply Extension Extension.appex */,
			);
			name = Products;
			sourceTree = "<group>";
		};
		FF4A30303033A454003DFCA1 /* iOS (App) */ = {
			isa = PBXGroup;
			children = (
				FF4A30313033A454003DFCA1 /* AppDelegate.swift */,
				FF4A30333033A454003DFCA1 /* SceneDelegate.swift */,
				FF4A30353033A454003DFCA1 /* LaunchScreen.storyboard */,
				FF4A30383033A454003DFCA1 /* Main.storyboard */,
				FF4A303B3033A454003DFCA1 /* Info.plist */,
			);
			path = "iOS (App)";
			sourceTree = "<group>";
		};
		FF4A30413033A454003DFCA1 /* macOS (App) */ = {
			isa = PBXGroup;
			children = (
				FF4A30423033A454003DFCA1 /* AppDelegate.swift */,
				FF4A30443033A454003DFCA1 /* Main.storyboard */,
				FF4A30473033A454003DFCA1 /* Info.plist */,
			);
			path = "macOS (App)";
			sourceTree = "<group>";
		};
		FF4A30503033A454003DFCA1 /* iOS (Extension) */ = {
			isa = PBXGroup;
			children = (
				FF4A30513033A454003DFCA1 /* Info.plist */,
			);
			path = "iOS (Extension)";
			sourceTree = "<group>";
		};
		FF4A305A3033A454003DFCA1 /* macOS (Extension) */ = {
			isa = PBXGroup;
			children = (
				FF4A305B3033A454003DFCA1 /* Info.plist */,
			);
			path = "macOS (Extension)";
			sourceTree = "<group>";
		};
		FF4A307A3033A454003DFCA1 /* Resources */ = {
			isa = PBXGroup;
			children = (
				FF4A307B3033A454003DFCA1 /* popup.js */,
				FF4A307C3033A454003DFCA1 /* popup.html */,
				FF4A307D3033A454003DFCA1 /* manifest.json */,
				FF4A307E3033A454003DFCA1 /* content.js */,
			);
			name = Resources;
			path = "Shared (Extension)";
			sourceTree = SOURCE_ROOT;
		};
/* End PBXGroup section */

/* Begin PBXNativeTarget section */
		FF4A302D3033A454003DFCA1 /* StackApply Extension (iOS) */ = {
			isa = PBXNativeTarget;
			buildConfigurationList = FF4A30703033A454003DFCA1 /* Build configuration list for PBXNativeTarget "StackApply Extension (iOS)" */;
			buildPhases = (
				FF4A302A3033A454003DFCA1 /* Sources */,
				FF4A302B3033A454003DFCA1 /* Frameworks */,
				FF4A302C3033A454003DFCA1 /* Resources */,
				FF4A306F3033A454003DFCA1 /* Embed Foundation Extensions */,
			);
			buildRules = (
			);
			dependencies = (
				FF4A304F3033A454003DFCA1 /* PBXTargetDependency */,
			);
			name = "StackApply Extension (iOS)";
			packageProductDependencies = (
			);
			productName = "StackApply Extension (iOS)";
			productReference = FF4A302E3033A454003DFCA1 /* StackApply Extension.app */;
			productType = "com.apple.product-type.application";
		};
		FF4A303F3033A454003DFCA1 /* StackApply Extension (macOS) */ = {
			isa = PBXNativeTarget;
			buildConfigurationList = FF4A30773033A454003DFCA1 /* Build configuration list for PBXNativeTarget "StackApply Extension (macOS)" */;
			buildPhases = (
				FF4A303C3033A454003DFCA1 /* Sources */,
				FF4A303D3033A454003DFCA1 /* Frameworks */,
				FF4A303E3033A454003DFCA1 /* Resources */,
				FF4A30763033A454003DFCA1 /* Embed Foundation Extensions */,
			);
			buildRules = (
			);
			dependencies = (
				FF4A30593033A454003DFCA1 /* PBXTargetDependency */,
			);
			name = "StackApply Extension (macOS)";
			packageProductDependencies = (
			);
			productName = "StackApply Extension (macOS)";
			productReference = FF4A30403033A454003DFCA1 /* StackApply Extension.app */;
			productType = "com.apple.product-type.application";
		};
		FF4A304B3033A454003DFCA1 /* StackApply Extension Extension (iOS) */ = {
			isa = PBXNativeTarget;
			buildConfigurationList = FF4A306C3033A454003DFCA1 /* Build configuration list for PBXNativeTarget "StackApply Extension Extension (iOS)" */;
			buildPhases = (
				FF4A30483033A454003DFCA1 /* Sources */,
				FF4A30493033A454003DFCA1 /* Frameworks */,
				FF4A304A3033A454003DFCA1 /* Resources */,
			);
			buildRules = (
			);
			dependencies = (
			);
			name = "StackApply Extension Extension (iOS)";
			packageProductDependencies = (
			);
			productName = "StackApply Extension Extension (iOS)";
			productReference = FF4A304C3033A454003DFCA1 /* StackApply Extension Extension.appex */;
			productType = "com.apple.product-type.app-extension";
		};
		FF4A30553033A454003DFCA1 /* StackApply Extension Extension (macOS) */ = {
			isa = PBXNativeTarget;
			buildConfigurationList = FF4A30733033A454003DFCA1 /* Build configuration list for PBXNativeTarget "StackApply Extension Extension (macOS)" */;
			buildPhases = (
				FF4A30523033A454003DFCA1 /* Sources */,
				FF4A30533033A454003DFCA1 /* Frameworks */,
				FF4A30543033A454003DFCA1 /* Resources */,
			);
			buildRules = (
			);
			dependencies = (
			);
			name = "StackApply Extension Extension (macOS)";
			packageProductDependencies = (
			);
			productName = "StackApply Extension Extension (macOS)";
			productReference = FF4A30563033A454003DFCA1 /* StackApply Extension Extension.appex */;
			productType = "com.apple.product-type.app-extension";
		};
/* End PBXNativeTarget section */

/* Begin PBXProject section */
		FF4A301B3033A452003DFCA1 /* Project object */ = {
			isa = PBXProject;
			attributes = {
				BuildIndependentTargetsInParallel = 1;
				LastSwiftUpdateCheck = 2660;
				LastUpgradeCheck = 2660;
				TargetAttributes = {
					FF4A302D3033A454003DFCA1 = {
						CreatedOnToolsVersion = 26.6;
					};
					FF4A303F3033A454003DFCA1 = {
						CreatedOnToolsVersion = 26.6;
					};
					FF4A304B3033A454003DFCA1 = {
						CreatedOnToolsVersion = 26.6;
					};
					FF4A30553033A454003DFCA1 = {
						CreatedOnToolsVersion = 26.6;
					};
				};
			};
			buildConfigurationList = FF4A301E3033A452003DFCA1 /* Build configuration list for PBXProject "StackApply Extension" */;
			developmentRegion = en;
			hasScannedForEncodings = 0;
			knownRegions = (
				en,
				Base,
			);
			mainGroup = FF4A301A3033A452003DFCA1;
			minimizedProjectReferenceProxies = 1;
			preferredProjectObjectVersion = 77;
			productRefGroup = FF4A302F3033A454003DFCA1 /* Products */;
			projectDirPath = "";
			projectRoot = "";
			targets = (
				FF4A302D3033A454003DFCA1 /* StackApply Extension (iOS) */,
				FF4A303F3033A454003DFCA1 /* StackApply Extension (macOS) */,
				FF4A304B3033A454003DFCA1 /* StackApply Extension Extension (iOS) */,
				FF4A30553033A454003DFCA1 /* StackApply Extension Extension (macOS) */,
			);
		};
/* End PBXProject section */

/* Begin PBXResourcesBuildPhase section */
		FF4A302C3033A454003DFCA1 /* Resources */ = {
			isa = PBXResourcesBuildPhase;
			buildActionMask = 2147483647;
			files = (
				FF4A305E3033A454003DFCA1 /* Icon.png in Resources */,
				FF4A30373033A454003DFCA1 /* LaunchScreen.storyboard in Resources */,
				FF4A305C3033A454003DFCA1 /* Main.html in Resources */,
				FF4A30623033A454003DFCA1 /* Script.js in Resources */,
				FF4A30663033A454003DFCA1 /* Assets.xcassets in Resources */,
				FF4A303A3033A454003DFCA1 /* Main.storyboard in Resources */,
				FF4A30603033A454003DFCA1 /* Style.css in Resources */,
			);
			runOnlyForDeploymentPostprocessing = 0;
		};
		FF4A303E3033A454003DFCA1 /* Resources */ = {
			isa = PBXResourcesBuildPhase;
			buildActionMask = 2147483647;
			files = (
				FF4A305F3033A454003DFCA1 /* Icon.png in Resources */,
				FF4A30613033A454003DFCA1 /* Style.css in Resources */,
				FF4A30463033A454003DFCA1 /* Main.storyboard in Resources */,
				FF4A30633033A454003DFCA1 /* Script.js in Resources */,
				FF4A30673033A454003DFCA1 /* Assets.xcassets in Resources */,
				FF4A305D3033A454003DFCA1 /* Main.html in Resources */,
			);
			runOnlyForDeploymentPostprocessing = 0;
		};
		FF4A304A3033A454003DFCA1 /* Resources */ = {
			isa = PBXResourcesBuildPhase;
			buildActionMask = 2147483647;
			files = (
				FF4A30863033A454003DFCA1 /* content.js in Resources */,
				FF4A30833033A454003DFCA1 /* popup.js in Resources */,
				FF4A30853033A454003DFCA1 /* manifest.json in Resources */,
				FF4A30843033A454003DFCA1 /* popup.html in Resources */,
			);
			runOnlyForDeploymentPostprocessing = 0;
		};
		FF4A30543033A454003DFCA1 /* Resources */ = {
			isa = PBXResourcesBuildPhase;
			buildActionMask = 2147483647;
			files = (
				FF4A30823033A454003DFCA1 /* content.js in Resources */,
				FF4A307F3033A454003DFCA1 /* popup.js in Resources */,
				FF4A30813033A454003DFCA1 /* manifest.json in Resources */,
				FF4A30803033A454003DFCA1 /* popup.html in Resources */,
			);
			runOnlyForDeploymentPostprocessing = 0;
		};
/* End PBXResourcesBuildPhase section */

/* Begin PBXSourcesBuildPhase section */
		FF4A302A3033A454003DFCA1 /* Sources */ = {
			isa = PBXSourcesBuildPhase;
			buildActionMask = 2147483647;
			files = (
				FF4A30643033A454003DFCA1 /* ViewController.swift in Sources */,
				FF4A30323033A454003DFCA1 /* AppDelegate.swift in Sources */,
				FF4A30343033A454003DFCA1 /* SceneDelegate.swift in Sources */,
			);
			runOnlyForDeploymentPostprocessing = 0;
		};
		FF4A303C3033A454003DFCA1 /* Sources */ = {
			isa = PBXSourcesBuildPhase;
			buildActionMask = 2147483647;
			files = (
				FF4A30653033A454003DFCA1 /* ViewController.swift in Sources */,
				FF4A30433033A454003DFCA1 /* AppDelegate.swift in Sources */,
			);
			runOnlyForDeploymentPostprocessing = 0;
		};
		FF4A30483033A454003DFCA1 /* Sources */ = {
			isa = PBXSourcesBuildPhase;
			buildActionMask = 2147483647;
			files = (
				FF4A30683033A454003DFCA1 /* SafariWebExtensionHandler.swift in Sources */,
			);
			runOnlyForDeploymentPostprocessing = 0;
		};
		FF4A30523033A454003DFCA1 /* Sources */ = {
			isa = PBXSourcesBuildPhase;
			buildActionMask = 2147483647;
			files = (
				FF4A30693033A454003DFCA1 /* SafariWebExtensionHandler.swift in Sources */,
			);
			runOnlyForDeploymentPostprocessing = 0;
		};
/* End PBXSourcesBuildPhase section */

/* Begin PBXTargetDependency section */
		FF4A304F3033A454003DFCA1 /* PBXTargetDependency */ = {
			isa = PBXTargetDependency;
			target = FF4A304B3033A454003DFCA1 /* StackApply Extension Extension (iOS) */;
			targetProxy = FF4A304E3033A454003DFCA1 /* PBXContainerItemProxy */;
		};
		FF4A30593033A454003DFCA1 /* PBXTargetDependency */ = {
			isa = PBXTargetDependency;
			target = FF4A30553033A454003DFCA1 /* StackApply Extension Extension (macOS) */;
			targetProxy = FF4A30583033A454003DFCA1 /* PBXContainerItemProxy */;
		};
/* End PBXTargetDependency section */

/* Begin PBXVariantGroup section */
		FF4A30213033A452003DFCA1 /* Main.html */ = {
			isa = PBXVariantGroup;
			children = (
				FF4A30223033A452003DFCA1 /* Base */,
			);
			name = Main.html;
			sourceTree = "<group>";
		};
		FF4A30353033A454003DFCA1 /* LaunchScreen.storyboard */ = {
			isa = PBXVariantGroup;
			children = (
				FF4A30363033A454003DFCA1 /* Base */,
			);
			name = LaunchScreen.storyboard;
			sourceTree = "<group>";
		};
		FF4A30383033A454003DFCA1 /* Main.storyboard */ = {
			isa = PBXVariantGroup;
			children = (
				FF4A30393033A454003DFCA1 /* Base */,
			);
			name = Main.storyboard;
			sourceTree = "<group>";
		};
		FF4A30443033A454003DFCA1 /* Main.storyboard */ = {
			isa = PBXVariantGroup;
			children = (
				FF4A30453033A454003DFCA1 /* Base */,
			);
			name = Main.storyboard;
			sourceTree = "<group>";
		};
/* End PBXVariantGroup section */

/* Begin XCBuildConfiguration section */
		FF4A306A3033A454003DFCA1 /* Debug */ = {
			isa = XCBuildConfiguration;
			buildSettings = {
				ALWAYS_SEARCH_USER_PATHS = NO;
				ASSETCATALOG_COMPILER_GENERATE_SWIFT_ASSET_SYMBOL_EXTENSIONS = YES;
				CLANG_ANALYZER_NONNULL = YES;
				CLANG_ANALYZER_NUMBER_OBJECT_CONVERSION = YES_AGGRESSIVE;
				CLANG_CXX_LANGUAGE_STANDARD = "gnu++20";
				CLANG_ENABLE_MODULES = YES;
				CLANG_ENABLE_OBJC_ARC = YES;
				CLANG_ENABLE_OBJC_WEAK = YES;
				CLANG_WARN_BLOCK_CAPTURE_AUTORELEASING = YES;
				CLANG_WARN_BOOL_CONVERSION = YES;
				CLANG_WARN_COMMA = YES;
				CLANG_WARN_CONSTANT_CONVERSION = YES;
				CLANG_WARN_DEPRECATED_OBJC_IMPLEMENTATIONS = YES;
				CLANG_WARN_DIRECT_OBJC_ISA_USAGE = YES_ERROR;
				CLANG_WARN_DOCUMENTATION_COMMENTS = YES;
				CLANG_WARN_EMPTY_BODY = YES;
				CLANG_WARN_ENUM_CONVERSION = YES;
				CLANG_WARN_INFINITE_RECURSION = YES;
				CLANG_WARN_INT_CONVERSION = YES;
				CLANG_WARN_NON_LITERAL_NULL_CONVERSION = YES;
				CLANG_WARN_OBJC_IMPLICIT_RETAIN_SELF = YES;
				CLANG_WARN_OBJC_LITERAL_CONVERSION = YES;
				CLANG_WARN_OBJC_ROOT_CLASS = YES_ERROR;
				CLANG_WARN_QUOTED_INCLUDE_IN_FRAMEWORK_HEADER = YES;
				CLANG_WARN_RANGE_LOOP_ANALYSIS = YES;
				CLANG_WARN_STRICT_PROTOTYPES = YES;
				CLANG_WARN_SUSPICIOUS_MOVE = YES;
				CLANG_WARN_UNGUARDED_AVAILABILITY = YES_AGGRESSIVE;
				CLANG_WARN_UNREACHABLE_CODE = YES;
				CLANG_WARN__DUPLICATE_METHOD_MATCH = YES;
				COPY_PHASE_STRIP = NO;
				DEBUG_INFORMATION_FORMAT = dwarf;
				ENABLE_STRICT_OBJC_MSGSEND = YES;
				ENABLE_TESTABILITY = YES;
				ENABLE_USER_SCRIPT_SANDBOXING = YES;
				GCC_C_LANGUAGE_STANDARD = gnu17;
				GCC_DYNAMIC_NO_PIC = NO;
				GCC_NO_COMMON_BLOCKS = YES;
				GCC_OPTIMIZATION_LEVEL = 0;
				GCC_PREPROCESSOR_DEFINITIONS = (
					"DEBUG=1",
					"$(inherited)",
				);
				GCC_WARN_64_TO_32_BIT_CONVERSION = YES;
				GCC_WARN_ABOUT_RETURN_TYPE = YES_ERROR;
				GCC_WARN_UNDECLARED_SELECTOR = YES;
				GCC_WARN_UNINITIALIZED_AUTOS = YES_AGGRESSIVE;
				GCC_WARN_UNUSED_FUNCTION = YES;
				GCC_WARN_UNUSED_VARIABLE = YES;
				LOCALIZATION_PREFERS_STRING_CATALOGS = YES;
				MTL_ENABLE_DEBUG_INFO = INCLUDE_SOURCE;
				MTL_FAST_MATH = YES;
				ONLY_ACTIVE_ARCH = YES;
				SWIFT_ACTIVE_COMPILATION_CONDITIONS = "DEBUG $(inherited)";
				SWIFT_OPTIMIZATION_LEVEL = "-Onone";
			};
			name = Debug;
		};
		FF4A306B3033A454003DFCA1 /* Release */ = {
			isa = XCBuildConfiguration;
			buildSettings = {
				ALWAYS_SEARCH_USER_PATHS = NO;
				ASSETCATALOG_COMPILER_GENERATE_SWIFT_ASSET_SYMBOL_EXTENSIONS = YES;
				CLANG_ANALYZER_NONNULL = YES;
				CLANG_ANALYZER_NUMBER_OBJECT_CONVERSION = YES_AGGRESSIVE;
				CLANG_CXX_LANGUAGE_STANDARD = "gnu++20";
				CLANG_ENABLE_MODULES = YES;
				CLANG_ENABLE_OBJC_ARC = YES;
				CLANG_ENABLE_OBJC_WEAK = YES;
				CLANG_WARN_BLOCK_CAPTURE_AUTORELEASING = YES;
				CLANG_WARN_BOOL_CONVERSION = YES;
				CLANG_WARN_COMMA = YES;
				CLANG_WARN_CONSTANT_CONVERSION = YES;
				CLANG_WARN_DEPRECATED_OBJC_IMPLEMENTATIONS = YES;
				CLANG_WARN_DIRECT_OBJC_ISA_USAGE = YES_ERROR;
				CLANG_WARN_DOCUMENTATION_COMMENTS = YES;
				CLANG_WARN_EMPTY_BODY = YES;
				CLANG_WARN_ENUM_CONVERSION = YES;
				CLANG_WARN_INFINITE_RECURSION = YES;
				CLANG_WARN_INT_CONVERSION = YES;
				CLANG_WARN_NON_LITERAL_NULL_CONVERSION = YES;
				CLANG_WARN_OBJC_IMPLICIT_RETAIN_SELF = YES;
				CLANG_WARN_OBJC_LITERAL_CONVERSION = YES;
				CLANG_WARN_OBJC_ROOT_CLASS = YES_ERROR;
				CLANG_WARN_QUOTED_INCLUDE_IN_FRAMEWORK_HEADER = YES;
				CLANG_WARN_RANGE_LOOP_ANALYSIS = YES;
				CLANG_WARN_STRICT_PROTOTYPES = YES;
				CLANG_WARN_SUSPICIOUS_MOVE = YES;
				CLANG_WARN_UNGUARDED_AVAILABILITY = YES_AGGRESSIVE;
				CLANG_WARN_UNREACHABLE_CODE = YES;
				CLANG_WARN__DUPLICATE_METHOD_MATCH = YES;
				COPY_PHASE_STRIP = NO;
				DEBUG_INFORMATION_FORMAT = "dwarf-with-dsym";
				ENABLE_NS_ASSERTIONS = NO;
				ENABLE_STRICT_OBJC_MSGSEND = YES;
				ENABLE_USER_SCRIPT_SANDBOXING = YES;
				GCC_C_LANGUAGE_STANDARD = gnu17;
				GCC_NO_COMMON_BLOCKS = YES;
				GCC_WARN_64_TO_32_BIT_CONVERSION = YES;
				GCC_WARN_ABOUT_RETURN_TYPE = YES_ERROR;
				GCC_WARN_UNDECLARED_SELECTOR = YES;
				GCC_WARN_UNINITIALIZED_AUTOS = YES_AGGRESSIVE;
				GCC_WARN_UNUSED_FUNCTION = YES;
				GCC_WARN_UNUSED_VARIABLE = YES;
				LOCALIZATION_PREFERS_STRING_CATALOGS = YES;
				MTL_ENABLE_DEBUG_INFO = NO;
				MTL_FAST_MATH = YES;
				SWIFT_COMPILATION_MODE = wholemodule;
			};
			name = Release;
		};
		FF4A306D3033A454003DFCA1 /* Debug */ = {
			isa = XCBuildConfiguration;
			buildSettings = {
				CODE_SIGN_STYLE = Automatic;
				CURRENT_PROJECT_VERSION = 1;
				GENERATE_INFOPLIST_FILE = YES;
				INFOPLIST_FILE = "iOS (Extension)/Info.plist";
				INFOPLIST_KEY_CFBundleDisplayName = "StackApply Extension Extension";
				INFOPLIST_KEY_NSHumanReadableCopyright = "";
				IPHONEOS_DEPLOYMENT_TARGET = 15.0;
				LD_RUNPATH_SEARCH_PATHS = (
					"$(inherited)",
					"@executable_path/Frameworks",
					"@executable_path/../../Frameworks",
				);
				MARKETING_VERSION = 1.0;
				OTHER_LDFLAGS = (
					"-framework",
					SafariServices,
				);
				PRODUCT_BUNDLE_IDENTIFIER = "com.yourCompany.StackApply-Extension.Extension";
				PRODUCT_NAME = "StackApply Extension Extension";
				SDKROOT = iphoneos;
				SKIP_INSTALL = YES;
				STRING_CATALOG_GENERATE_SYMBOLS = YES;
				SWIFT_APPROACHABLE_CONCURRENCY = YES;
				SWIFT_EMIT_LOC_STRINGS = YES;
				SWIFT_UPCOMING_FEATURE_MEMBER_IMPORT_VISIBILITY = YES;
				SWIFT_VERSION = 5.0;
				TARGETED_DEVICE_FAMILY = "1,2";
			};
			name = Debug;
		};
		FF4A306E3033A454003DFCA1 /* Release */ = {
			isa = XCBuildConfiguration;
			buildSettings = {
				CODE_SIGN_STYLE = Automatic;
				CURRENT_PROJECT_VERSION = 1;
				GENERATE_INFOPLIST_FILE = YES;
				INFOPLIST_FILE = "iOS (Extension)/Info.plist";
				INFOPLIST_KEY_CFBundleDisplayName = "StackApply Extension Extension";
				INFOPLIST_KEY_NSHumanReadableCopyright = "";
				IPHONEOS_DEPLOYMENT_TARGET = 15.0;
				LD_RUNPATH_SEARCH_PATHS = (
					"$(inherited)",
					"@executable_path/Frameworks",
					"@executable_path/../../Frameworks",
				);
				MARKETING_VERSION = 1.0;
				OTHER_LDFLAGS = (
					"-framework",
					SafariServices,
				);
				PRODUCT_BUNDLE_IDENTIFIER = "com.yourCompany.StackApply-Extension.Extension";
				PRODUCT_NAME = "StackApply Extension Extension";
				SDKROOT = iphoneos;
				SKIP_INSTALL = YES;
				STRING_CATALOG_GENERATE_SYMBOLS = YES;
				SWIFT_APPROACHABLE_CONCURRENCY = YES;
				SWIFT_EMIT_LOC_STRINGS = YES;
				SWIFT_UPCOMING_FEATURE_MEMBER_IMPORT_VISIBILITY = YES;
				SWIFT_VERSION = 5.0;
				TARGETED_DEVICE_FAMILY = "1,2";
				VALIDATE_PRODUCT = YES;
			};
			name = Release;
		};
		FF4A30713033A454003DFCA1 /* Debug */ = {
			isa = XCBuildConfiguration;
			buildSettings = {
				ASSETCATALOG_COMPILER_APPICON_NAME = AppIcon;
				ASSETCATALOG_COMPILER_GLOBAL_ACCENT_COLOR_NAME = AccentColor;
				CODE_SIGN_STYLE = Automatic;
				CURRENT_PROJECT_VERSION = 1;
				GENERATE_INFOPLIST_FILE = YES;
				INFOPLIST_FILE = "iOS (App)/Info.plist";
				INFOPLIST_KEY_CFBundleDisplayName = "StackApply Extension";
				INFOPLIST_KEY_UIApplicationSupportsIndirectInputEvents = YES;
				INFOPLIST_KEY_UILaunchStoryboardName = LaunchScreen;
				INFOPLIST_KEY_UIMainStoryboardFile = Main;
				INFOPLIST_KEY_UISupportedInterfaceOrientations = "UIInterfaceOrientationPortrait UIInterfaceOrientationLandscapeLeft UIInterfaceOrientationLandscapeRight";
				INFOPLIST_KEY_UISupportedInterfaceOrientations_iPad = "UIInterfaceOrientationPortrait UIInterfaceOrientationPortraitUpsideDown UIInterfaceOrientationLandscapeLeft UIInterfaceOrientationLandscapeRight";
				IPHONEOS_DEPLOYMENT_TARGET = 15.0;
				LD_RUNPATH_SEARCH_PATHS = (
					"$(inherited)",
					"@executable_path/Frameworks",
				);
				MARKETING_VERSION = 1.0;
				OTHER_LDFLAGS = (
					"-framework",
					SafariServices,
					"-framework",
					WebKit,
				);
				PRODUCT_BUNDLE_IDENTIFIER = "com.yourCompany.StackApply-Extension";
				PRODUCT_NAME = "StackApply Extension";
				SDKROOT = iphoneos;
				STRING_CATALOG_GENERATE_SYMBOLS = YES;
				SWIFT_APPROACHABLE_CONCURRENCY = YES;
				SWIFT_DEFAULT_ACTOR_ISOLATION = MainActor;
				SWIFT_EMIT_LOC_STRINGS = YES;
				SWIFT_UPCOMING_FEATURE_MEMBER_IMPORT_VISIBILITY = YES;
				SWIFT_VERSION = 5.0;
				TARGETED_DEVICE_FAMILY = "1,2";
			};
			name = Debug;
		};
		FF4A30723033A454003DFCA1 /* Release */ = {
			isa = XCBuildConfiguration;
			buildSettings = {
				ASSETCATALOG_COMPILER_APPICON_NAME = AppIcon;
				ASSETCATALOG_COMPILER_GLOBAL_ACCENT_COLOR_NAME = AccentColor;
				CODE_SIGN_STYLE = Automatic;
				CURRENT_PROJECT_VERSION = 1;
				GENERATE_INFOPLIST_FILE = YES;
				INFOPLIST_FILE = "iOS (App)/Info.plist";
				INFOPLIST_KEY_CFBundleDisplayName = "StackApply Extension";
				INFOPLIST_KEY_UIApplicationSupportsIndirectInputEvents = YES;
				INFOPLIST_KEY_UILaunchStoryboardName = LaunchScreen;
				INFOPLIST_KEY_UIMainStoryboardFile = Main;
				INFOPLIST_KEY_UISupportedInterfaceOrientations = "UIInterfaceOrientationPortrait UIInterfaceOrientationLandscapeLeft UIInterfaceOrientationLandscapeRight";
				INFOPLIST_KEY_UISupportedInterfaceOrientations_iPad = "UIInterfaceOrientationPortrait UIInterfaceOrientationPortraitUpsideDown UIInterfaceOrientationLandscapeLeft UIInterfaceOrientationLandscapeRight";
				IPHONEOS_DEPLOYMENT_TARGET = 15.0;
				LD_RUNPATH_SEARCH_PATHS = (
					"$(inherited)",
					"@executable_path/Frameworks",
				);
				MARKETING_VERSION = 1.0;
				OTHER_LDFLAGS = (
					"-framework",
					SafariServices,
					"-framework",
					WebKit,
				);
				PRODUCT_BUNDLE_IDENTIFIER = "com.yourCompany.StackApply-Extension";
				PRODUCT_NAME = "StackApply Extension";
				SDKROOT = iphoneos;
				STRING_CATALOG_GENERATE_SYMBOLS = YES;
				SWIFT_APPROACHABLE_CONCURRENCY = YES;
				SWIFT_DEFAULT_ACTOR_ISOLATION = MainActor;
				SWIFT_EMIT_LOC_STRINGS = YES;
				SWIFT_UPCOMING_FEATURE_MEMBER_IMPORT_VISIBILITY = YES;
				SWIFT_VERSION = 5.0;
				TARGETED_DEVICE_FAMILY = "1,2";
				VALIDATE_PRODUCT = YES;
			};
			name = Release;
		};
		FF4A30743033A454003DFCA1 /* Debug */ = {
			isa = XCBuildConfiguration;
			buildSettings = {
				CODE_SIGN_STYLE = Automatic;
				CURRENT_PROJECT_VERSION = 1;
				ENABLE_APP_SANDBOX = YES;
				ENABLE_HARDENED_RUNTIME = YES;
				ENABLE_USER_SELECTED_FILES = readonly;
				GENERATE_INFOPLIST_FILE = YES;
				INFOPLIST_FILE = "macOS (Extension)/Info.plist";
				INFOPLIST_KEY_CFBundleDisplayName = "StackApply Extension Extension";
				INFOPLIST_KEY_NSHumanReadableCopyright = "";
				LD_RUNPATH_SEARCH_PATHS = (
					"$(inherited)",
					"@executable_path/../Frameworks",
					"@executable_path/../../../../Frameworks",
				);
				MACOSX_DEPLOYMENT_TARGET = 10.14;
				MARKETING_VERSION = 1.0;
				OTHER_LDFLAGS = (
					"-framework",
					SafariServices,
				);
				PRODUCT_BUNDLE_IDENTIFIER = "com.yourCompany.StackApply-Extension.Extension";
				PRODUCT_NAME = "StackApply Extension Extension";
				SDKROOT = macosx;
				SKIP_INSTALL = YES;
				STRING_CATALOG_GENERATE_SYMBOLS = YES;
				SWIFT_APPROACHABLE_CONCURRENCY = YES;
				SWIFT_EMIT_LOC_STRINGS = YES;
				SWIFT_UPCOMING_FEATURE_MEMBER_IMPORT_VISIBILITY = YES;
				SWIFT_VERSION = 5.0;
			};
			name = Debug;
		};
		FF4A30753033A454003DFCA1 /* Release */ = {
			isa = XCBuildConfiguration;
			buildSettings = {
				CODE_SIGN_STYLE = Automatic;
				CURRENT_PROJECT_VERSION = 1;
				ENABLE_APP_SANDBOX = YES;
				ENABLE_HARDENED_RUNTIME = YES;
				ENABLE_USER_SELECTED_FILES = readonly;
				GENERATE_INFOPLIST_FILE = YES;
				INFOPLIST_FILE = "macOS (Extension)/Info.plist";
				INFOPLIST_KEY_CFBundleDisplayName = "StackApply Extension Extension";
				INFOPLIST_KEY_NSHumanReadableCopyright = "";
				LD_RUNPATH_SEARCH_PATHS = (
					"$(inherited)",
					"@executable_path/../Frameworks",
					"@executable_path/../../../../Frameworks",
				);
				MACOSX_DEPLOYMENT_TARGET = 10.14;
				MARKETING_VERSION = 1.0;
				OTHER_LDFLAGS = (
					"-framework",
					SafariServices,
				);
				PRODUCT_BUNDLE_IDENTIFIER = "com.yourCompany.StackApply-Extension.Extension";
				PRODUCT_NAME = "StackApply Extension Extension";
				SDKROOT = macosx;
				SKIP_INSTALL = YES;
				STRING_CATALOG_GENERATE_SYMBOLS = YES;
				SWIFT_APPROACHABLE_CONCURRENCY = YES;
				SWIFT_EMIT_LOC_STRINGS = YES;
				SWIFT_UPCOMING_FEATURE_MEMBER_IMPORT_VISIBILITY = YES;
				SWIFT_VERSION = 5.0;
			};
			name = Release;
		};
		FF4A30783033A454003DFCA1 /* Debug */ = {
			isa = XCBuildConfiguration;
			buildSettings = {
				ASSETCATALOG_COMPILER_APPICON_NAME = AppIcon;
				ASSETCATALOG_COMPILER_GLOBAL_ACCENT_COLOR_NAME = AccentColor;
				CODE_SIGN_STYLE = Automatic;
				CURRENT_PROJECT_VERSION = 1;
				ENABLE_APP_SANDBOX = YES;
				ENABLE_HARDENED_RUNTIME = YES;
				ENABLE_OUTGOING_NETWORK_CONNECTIONS = YES;
				ENABLE_USER_SELECTED_FILES = readonly;
				GENERATE_INFOPLIST_FILE = YES;
				INFOPLIST_FILE = "macOS (App)/Info.plist";
				INFOPLIST_KEY_CFBundleDisplayName = "StackApply Extension";
				INFOPLIST_KEY_NSMainStoryboardFile = Main;
				INFOPLIST_KEY_NSPrincipalClass = NSApplication;
				LD_RUNPATH_SEARCH_PATHS = (
					"$(inherited)",
					"@executable_path/../Frameworks",
				);
				MACOSX_DEPLOYMENT_TARGET = 10.14;
				MARKETING_VERSION = 1.0;
				OTHER_LDFLAGS = (
					"-framework",
					SafariServices,
					"-framework",
					WebKit,
				);
				PRODUCT_BUNDLE_IDENTIFIER = "com.yourCompany.StackApply-Extension";
				PRODUCT_NAME = "StackApply Extension";
				REGISTER_APP_GROUPS = YES;
				SDKROOT = macosx;
				STRING_CATALOG_GENERATE_SYMBOLS = YES;
				SWIFT_APPROACHABLE_CONCURRENCY = YES;
				SWIFT_DEFAULT_ACTOR_ISOLATION = MainActor;
				SWIFT_EMIT_LOC_STRINGS = YES;
				SWIFT_UPCOMING_FEATURE_MEMBER_IMPORT_VISIBILITY = YES;
				SWIFT_VERSION = 5.0;
			};
			name = Debug;
		};
		FF4A30793033A454003DFCA1 /* Release */ = {
			isa = XCBuildConfiguration;
			buildSettings = {
				ASSETCATALOG_COMPILER_APPICON_NAME = AppIcon;
				ASSETCATALOG_COMPILER_GLOBAL_ACCENT_COLOR_NAME = AccentColor;
				CODE_SIGN_STYLE = Automatic;
				CURRENT_PROJECT_VERSION = 1;
				ENABLE_APP_SANDBOX = YES;
				ENABLE_HARDENED_RUNTIME = YES;
				ENABLE_OUTGOING_NETWORK_CONNECTIONS = YES;
				ENABLE_USER_SELECTED_FILES = readonly;
				GENERATE_INFOPLIST_FILE = YES;
				INFOPLIST_FILE = "macOS (App)/Info.plist";
				INFOPLIST_KEY_CFBundleDisplayName = "StackApply Extension";
				INFOPLIST_KEY_NSMainStoryboardFile = Main;
				INFOPLIST_KEY_NSPrincipalClass = NSApplication;
				LD_RUNPATH_SEARCH_PATHS = (
					"$(inherited)",
					"@executable_path/../Frameworks",
				);
				MACOSX_DEPLOYMENT_TARGET = 10.14;
				MARKETING_VERSION = 1.0;
				OTHER_LDFLAGS = (
					"-framework",
					SafariServices,
					"-framework",
					WebKit,
				);
				PRODUCT_BUNDLE_IDENTIFIER = "com.yourCompany.StackApply-Extension";
				PRODUCT_NAME = "StackApply Extension";
				REGISTER_APP_GROUPS = YES;
				SDKROOT = macosx;
				STRING_CATALOG_GENERATE_SYMBOLS = YES;
				SWIFT_APPROACHABLE_CONCURRENCY = YES;
				SWIFT_DEFAULT_ACTOR_ISOLATION = MainActor;
				SWIFT_EMIT_LOC_STRINGS = YES;
				SWIFT_UPCOMING_FEATURE_MEMBER_IMPORT_VISIBILITY = YES;
				SWIFT_VERSION = 5.0;
			};
			name = Release;
		};
/* End XCBuildConfiguration section */

/* Begin XCConfigurationList section */
		FF4A301E3033A452003DFCA1 /* Build configuration list for PBXProject "StackApply Extension" */ = {
			isa = XCConfigurationList;
			buildConfigurations = (
				FF4A306A3033A454003DFCA1 /* Debug */,
				FF4A306B3033A454003DFCA1 /* Release */,
			);
			defaultConfigurationIsVisible = 0;
			defaultConfigurationName = Release;
		};
		FF4A306C3033A454003DFCA1 /* Build configuration list for PBXNativeTarget "StackApply Extension Extension (iOS)" */ = {
			isa = XCConfigurationList;
			buildConfigurations = (
				FF4A306D3033A454003DFCA1 /* Debug */,
				FF4A306E3033A454003DFCA1 /* Release */,
			);
			defaultConfigurationIsVisible = 0;
			defaultConfigurationName = Release;
		};
		FF4A30703033A454003DFCA1 /* Build configuration list for PBXNativeTarget "StackApply Extension (iOS)" */ = {
			isa = XCConfigurationList;
			buildConfigurations = (
				FF4A30713033A454003DFCA1 /* Debug */,
				FF4A30723033A454003DFCA1 /* Release */,
			);
			defaultConfigurationIsVisible = 0;
			defaultConfigurationName = Release;
		};
		FF4A30733033A454003DFCA1 /* Build configuration list for PBXNativeTarget "StackApply Extension Extension (macOS)" */ = {
			isa = XCConfigurationList;
			buildConfigurations = (
				FF4A30743033A454003DFCA1 /* Debug */,
				FF4A30753033A454003DFCA1 /* Release */,
			);
			defaultConfigurationIsVisible = 0;
			defaultConfigurationName = Release;
		};
		FF4A30773033A454003DFCA1 /* Build configuration list for PBXNativeTarget "StackApply Extension (macOS)" */ = {
			isa = XCConfigurationList;
			buildConfigurations = (
				FF4A30783033A454003DFCA1 /* Debug */,
				FF4A30793033A454003DFCA1 /* Release */,
			);
			defaultConfigurationIsVisible = 0;
			defaultConfigurationName = Release;
		};
/* End XCConfigurationList section */
	};
	rootObject = FF4A301B3033A452003DFCA1 /* Project object */;
}
